// !$*UTF8*$!
{
	archiveVersion = 1;
	classes = {
	};
	objectVersion = 48;
	objects = {

/* Begin PBXBuildFile section */
		18A3BBA316178BDD003D9320 /* QuartzCore.framework in Frameworks */ = {isa = PBXBuildFile; fileRef = 18A3BBA216178BDD003D9320 /* QuartzCore.framework */; };
		18A3BBA716178DCD003D9320 /* Reachability.m in Sources */ = {isa = PBXBuildFile; fileRef = 18A3BBA616178DCD003D9320 /* Reachability.m */; };
		1CB7009C5E5623027D2F7449 /* Pods_MobileOrg.framework in Frameworks */ = {isa = PBXBuildFile; fileRef = DA0A3BD3D41BA77D0F500F29 /* Pods_MobileOrg.framework */; };
		1D60589B0D05DD56006BFB54 /* main.m in Sources */ = {isa = PBXBuildFile; fileRef = 29B97316FDCFA39411CA2CEA /* main.m */; };
		1D60589F0D05DD5A006BFB54 /* Foundation.framework in Frameworks */ = {isa = PBXBuildFile; fileRef = 1D30AB110D05D00D00671497 /* Foundation.framework */; };
		1DF5F4E00D08C38300B7A737 /* UIKit.framework in Frameworks */ = {isa = PBXBuildFile; fileRef = 1DF5F4DF0D08C38300B7A737 /* UIKit.framework */; };
		288765A50DF7441C002DB57D /* CoreGraphics.framework in Frameworks */ = {isa = PBXBuildFile; fileRef = 288765A40DF7441C002DB57D /* CoreGraphics.framework */; };
		28AD733F0D9D9553002E5188 /* MainWindow.xib in Resources */ = {isa = PBXBuildFile; fileRef = 28AD733E0D9D9553002E5188 /* MainWindow.xib */; };
		28D801B40F44B63D00FB423F /* CoreData.framework in Frameworks */ = {isa = PBXBuildFile; fileRef = 28D801B30F44B63D00FB423F /* CoreData.framework */; };
		5420E7C9234D15F20008ADAC /* CloudTransferManager.swift in Sources */ = {isa = PBXBuildFile; fileRef = 5420E7C8234D15F20008ADAC /* CloudTransferManager.swift */; };
		5420E7CD234FB4150008ADAC /* UIAlertController+MobileOrg.swift in Sources */ = {isa = PBXBuildFile; fileRef = 5420E7CC234FB4150008ADAC /* UIAlertController+MobileOrg.swift */; };
		5420E7D1234FC7AA0008ADAC /* CloudTransferManagerTests.swift in Sources */ = {isa = PBXBuildFile; fileRef = 5420E7D0234FC7AA0008ADAC /* CloudTransferManagerTests.swift */; };
		54CD6301234BC02D00D485E1 /* UIColor+MobileOrg.swift in Sources */ = {isa = PBXBuildFile; fileRef = 54CD6300234BC02D00D485E1 /* UIColor+MobileOrg.swift */; };
		54CD6303234BC9A200D485E1 /* RoundedLabel.swift in Sources */ = {isa = PBXBuildFile; fileRef = 54CD6302234BC9A200D485E1 /* RoundedLabel.swift */; };
		54E9BAA923531E12008419C4 /* String+Attributes.swift in Sources */ = {isa = PBXBuildFile; fileRef = 54E9BAA823531E12008419C4 /* String+Attributes.swift */; };
		54E9BAAB2353504A008419C4 /* OutlineCell.swift in Sources */ = {isa = PBXBuildFile; fileRef = 54E9BAAA2353504A008419C4 /* OutlineCell.swift */; };
		6CB501F01E20C3D70082FD40 /* Settings.storyboard in Resources */ = {isa = PBXBuildFile; fileRef = 6CB501EC1E20C3D70082FD40 /* Settings.storyboard */; };
		6CB501F11E20C3D70082FD40 /* SettingsController.swift in Sources */ = {isa = PBXBuildFile; fileRef = 6CB501ED1E20C3D70082FD40 /* SettingsController.swift */; };
		6CB501F21E20C3D70082FD40 /* SyncSettingsController.swift in Sources */ = {isa = PBXBuildFile; fileRef = 6CB501EE1E20C3D70082FD40 /* SyncSettingsController.swift */; };
		6CB501F31E20C3D70082FD40 /* TextInputCell.swift in Sources */ = {isa = PBXBuildFile; fileRef = 6CB501EF1E20C3D70082FD40 /* TextInputCell.swift */; };
		7419FA541E20DACA00F0EA45 /* SettingsTest.swift in Sources */ = {isa = PBXBuildFile; fileRef = 7419FA531E20DAC900F0EA45 /* SettingsTest.swift */; };
		7436ED731E41C05200BBD704 /* WebDavTransferManager.swift in Sources */ = {isa = PBXBuildFile; fileRef = 7436ED721E41C05200BBD704 /* WebDavTransferManager.swift */; };
		743C12F41DFED37F0051EC6F /* Images.xcassets in Resources */ = {isa = PBXBuildFile; fileRef = 743C12F31DFED37F0051EC6F /* Images.xcassets */; };
		743C12F61DFED5950051EC6F /* Launch Screen.storyboard in Resources */ = {isa = PBXBuildFile; fileRef = 743C12F51DFED5950051EC6F /* Launch Screen.storyboard */; };
		744408DE1E035A1800BCE192 /* DropboxTransferManager.swift in Sources */ = {isa = PBXBuildFile; fileRef = 744408DD1E035A1800BCE192 /* DropboxTransferManager.swift */; };
		744787E01EB265A700631BA2 /* WebDavTests.swift in Sources */ = {isa = PBXBuildFile; fileRef = 744787DF1EB265A700631BA2 /* WebDavTests.swift */; };
		744787E21EB3198D00631BA2 /* PersistenceStack.swift in Sources */ = {isa = PBXBuildFile; fileRef = 744787E11EB3198D00631BA2 /* PersistenceStack.swift */; };
		744EF0401E4666B200DB1E81 /* MobileOrgTestingSample.org in Resources */ = {isa = PBXBuildFile; fileRef = 744EF03F1E4666B200DB1E81 /* MobileOrgTestingSample.org */; };
		745B1E311EC98C9B00D80421 /* MobileOrg2.xcdatamodeld in Sources */ = {isa = PBXBuildFile; fileRef = 745B1E2E1EC98C9B00D80421 /* MobileOrg2.xcdatamodeld */; };
		746103091E017E5700C8E34F /* String+RegexSplitter.swift in Sources */ = {isa = PBXBuildFile; fileRef = 746102FC1DFF0EDB00C8E34F /* String+RegexSplitter.swift */; };
		7476CA9F1E01C749007EAE6F /* String+RegexTests.swift in Sources */ = {isa = PBXBuildFile; fileRef = 7476CA9E1E01C749007EAE6F /* String+RegexTests.swift */; };
		747BF9811DFCBC3F00E800FB /* libicucore.tbd in Frameworks */ = {isa = PBXBuildFile; fileRef = 747BF9801DFCBC3F00E800FB /* libicucore.tbd */; };
		747BF98A1DFD5CD900E800FB /* AppKey.plist in Resources */ = {isa = PBXBuildFile; fileRef = 747BF9881DFD5CD900E800FB /* AppKey.plist */; };
		747BF9A31DFD738E00E800FB /* NodeTests.m in Sources */ = {isa = PBXBuildFile; fileRef = 747BF9A21DFD738E00E800FB /* NodeTests.m */; };
		749CCE3D1E05A8A600DE4648 /* Default-568h@2x.png in Resources */ = {isa = PBXBuildFile; fileRef = 749CCE3C1E05A8A600DE4648 /* Default-568h@2x.png */; };
		749CCE7C1E084F6A00DE4648 /* OrgfileParserTests.swift in Sources */ = {isa = PBXBuildFile; fileRef = 749CCE7B1E084F6A00DE4648 /* OrgfileParserTests.swift */; };
		749CCE7F1E08557800DE4648 /* headingskip.org in Resources */ = {isa = PBXBuildFile; fileRef = 749CCE7E1E08557800DE4648 /* headingskip.org */; };
		749CCE811E09201400DE4648 /* defaultTodoWords.org in Resources */ = {isa = PBXBuildFile; fileRef = 749CCE801E09201400DE4648 /* defaultTodoWords.org */; };
		749CCE851E0AE23900DE4648 /* TodoList.org in Resources */ = {isa = PBXBuildFile; fileRef = 749CCE841E0AE23900DE4648 /* TodoList.org */; };
		749CCE871E0AE96300DE4648 /* index.org in Resources */ = {isa = PBXBuildFile; fileRef = 749CCE861E0AE96300DE4648 /* index.org */; };
		790B413F10814D8400A852F1 /* ActionMenuController.m in Sources */ = {isa = PBXBuildFile; fileRef = 790B413E10814D8400A852F1 /* ActionMenuController.m */; };
		790B417E10814FAC00A852F1 /* OutlineTableView.m in Sources */ = {isa = PBXBuildFile; fileRef = 790B417D10814FAC00A852F1 /* OutlineTableView.m */; };
		790B455610826A0900A852F1 /* PriorityEditController.m in Sources */ = {isa = PBXBuildFile; fileRef = 790B455510826A0900A852F1 /* PriorityEditController.m */; };
		791653A81078109B00695E4C /* EditsFileParser.m in Sources */ = {isa = PBXBuildFile; fileRef = 791653A71078109B00695E4C /* EditsFileParser.m */; };
		791653C2107814C500695E4C /* EditEntity.m in Sources */ = {isa = PBXBuildFile; fileRef = 791653C1107814C500695E4C /* EditEntity.m */; };
		7936F92A120DDF3F0062CF0E /* MainWindow-iPad.xib in Resources */ = {isa = PBXBuildFile; fileRef = 7936F929120DDF3F0062CF0E /* MainWindow-iPad.xib */; };
		7936FA91120DF4280062CF0E /* Entitlements.plist in Resources */ = {isa = PBXBuildFile; fileRef = 7936FA90120DF4280062CF0E /* Entitlements.plist */; };
		793F7D8D107C1E6000674D0A /* SearchController.m in Sources */ = {isa = PBXBuildFile; fileRef = 793F7D8C107C1E6000674D0A /* SearchController.m */; };
		793F7EE5107C362E00674D0A /* DocumentViewController.m in Sources */ = {isa = PBXBuildFile; fileRef = 793F7EE4107C362E00674D0A /* DocumentViewController.m */; };
		793F7F0A107C385200674D0A /* DocumentView.css in Resources */ = {isa = PBXBuildFile; fileRef = 793F7F09107C385200674D0A /* DocumentView.css */; };
		793F7F6C107CB5FC00674D0A /* SystemConfiguration.framework in Frameworks */ = {isa = PBXBuildFile; fileRef = 793F7F6B107CB5FC00674D0A /* SystemConfiguration.framework */; };
		793F811F107D381A00674D0A /* SessionManager.m in Sources */ = {isa = PBXBuildFile; fileRef = 793F811E107D381A00674D0A /* SessionManager.m */; };
		793F8128107D38C900674D0A /* OutlineState.m in Sources */ = {isa = PBXBuildFile; fileRef = 793F8127107D38C900674D0A /* OutlineState.m */; };
		7945F61211A807FD00731598 /* Security.framework in Frameworks */ = {isa = PBXBuildFile; fileRef = 7945F61111A807FD00731598 /* Security.framework */; };
		796A6A911083E67400D0DB25 /* DocumentView.js in Resources */ = {isa = PBXBuildFile; fileRef = 793F7F0B107C385900674D0A /* DocumentView.js */; };
		7982F3621073F2FA00AEA6BC /* Node.m in Sources */ = {isa = PBXBuildFile; fileRef = 7982F35B1073F2FA00AEA6BC /* Node.m */; };
		7982F3631073F2FA00AEA6BC /* Note.m in Sources */ = {isa = PBXBuildFile; fileRef = 7982F35D1073F2FA00AEA6BC /* Note.m */; };
		7982F3641073F2FA00AEA6BC /* FileChecksum.m in Sources */ = {isa = PBXBuildFile; fileRef = 7982F35F1073F2FA00AEA6BC /* FileChecksum.m */; };
		7982F3651073F2FA00AEA6BC /* LocalEditAction.m in Sources */ = {isa = PBXBuildFile; fileRef = 7982F3611073F2FA00AEA6BC /* LocalEditAction.m */; };
		7982F36A1073F33500AEA6BC /* OutlineViewController.m in Sources */ = {isa = PBXBuildFile; fileRef = 7982F3691073F33500AEA6BC /* OutlineViewController.m */; };
		7982F37D1073F6B700AEA6BC /* GlobalUtils.m in Sources */ = {isa = PBXBuildFile; fileRef = 7982F37C1073F6B700AEA6BC /* GlobalUtils.m */; };
		7982F3BA1073FBF800AEA6BC /* DataUtils.m in Sources */ = {isa = PBXBuildFile; fileRef = 7982F3B91073FBF800AEA6BC /* DataUtils.m */; };
		7998AC131079180F0000ED49 /* TagEditController.m in Sources */ = {isa = PBXBuildFile; fileRef = 7998AC121079180F0000ED49 /* TagEditController.m */; };
		7998AE2410794DBF0000ED49 /* AlertTextField.png in Resources */ = {isa = PBXBuildFile; fileRef = 7998AE2310794DBF0000ED49 /* AlertTextField.png */; };
		7998B00410797EBE0000ED49 /* TodoStateEditController.m in Sources */ = {isa = PBXBuildFile; fileRef = 7998B00310797EBE0000ED49 /* TodoStateEditController.m */; };
		7998B06B1079847C0000ED49 /* back.png in Resources */ = {isa = PBXBuildFile; fileRef = 7998B05B1079847C0000ED49 /* back.png */; };
		7998B06C1079847C0000ED49 /* capture.png in Resources */ = {isa = PBXBuildFile; fileRef = 7998B05C1079847C0000ED49 /* capture.png */; };
		7998B06D1079847C0000ED49 /* children.png in Resources */ = {isa = PBXBuildFile; fileRef = 7998B05D1079847C0000ED49 /* children.png */; };
		7998B06E1079847C0000ED49 /* down.png in Resources */ = {isa = PBXBuildFile; fileRef = 7998B05E1079847C0000ED49 /* down.png */; };
		7998B06F1079847C0000ED49 /* flag.png in Resources */ = {isa = PBXBuildFile; fileRef = 7998B05F1079847C0000ED49 /* flag.png */; };
		7998B0701079847C0000ED49 /* flagged.png in Resources */ = {isa = PBXBuildFile; fileRef = 7998B0601079847C0000ED49 /* flagged.png */; };
		7998B0711079847C0000ED49 /* forward.png in Resources */ = {isa = PBXBuildFile; fileRef = 7998B0611079847C0000ED49 /* forward.png */; };
		7998B0721079847C0000ED49 /* home.png in Resources */ = {isa = PBXBuildFile; fileRef = 7998B0621079847C0000ED49 /* home.png */; };
		7998B0731079847C0000ED49 /* inbox.png in Resources */ = {isa = PBXBuildFile; fileRef = 7998B0631079847C0000ED49 /* inbox.png */; };
		7998B0741079847C0000ED49 /* noflag.png in Resources */ = {isa = PBXBuildFile; fileRef = 7998B0641079847C0000ED49 /* noflag.png */; };
		7998B0751079847C0000ED49 /* note_entry.png in Resources */ = {isa = PBXBuildFile; fileRef = 7998B0651079847C0000ED49 /* note_entry.png */; };
		7998B0761079847C0000ED49 /* outline.png in Resources */ = {isa = PBXBuildFile; fileRef = 7998B0661079847C0000ED49 /* outline.png */; };
		7998B0771079847C0000ED49 /* search.png in Resources */ = {isa = PBXBuildFile; fileRef = 7998B0671079847C0000ED49 /* search.png */; };
		7998B0781079847C0000ED49 /* settings.png in Resources */ = {isa = PBXBuildFile; fileRef = 7998B0681079847C0000ED49 /* settings.png */; };
		7998B0791079847C0000ED49 /* table_gray.png in Resources */ = {isa = PBXBuildFile; fileRef = 7998B0691079847C0000ED49 /* table_gray.png */; };
		7998B07A1079847C0000ED49 /* up.png in Resources */ = {isa = PBXBuildFile; fileRef = 7998B06A1079847C0000ED49 /* up.png */; };
		7998B2D6107B6F820000ED49 /* NoteListController.m in Sources */ = {isa = PBXBuildFile; fileRef = 7998B2D5107B6F820000ED49 /* NoteListController.m */; };
		7998B388107BAA7D0000ED49 /* NewNoteController.m in Sources */ = {isa = PBXBuildFile; fileRef = 7998B387107BAA7D0000ED49 /* NewNoteController.m */; };
		79BA55621073A6F800D67917 /* MobileOrgAppDelegate.m in Sources */ = {isa = PBXBuildFile; fileRef = 79BA555B1073A6F800D67917 /* MobileOrgAppDelegate.m */; };
		79CB17F9107420E300A7E065 /* SyncManager.m in Sources */ = {isa = PBXBuildFile; fileRef = 79CB17F8107420E300A7E065 /* SyncManager.m */; };
		79CB1821107425EF00A7E065 /* TransferContext.m in Sources */ = {isa = PBXBuildFile; fileRef = 79CB1820107425EF00A7E065 /* TransferContext.m */; };
		79CB1824107425F500A7E065 /* TransferManager.m in Sources */ = {isa = PBXBuildFile; fileRef = 79CB1823107425F500A7E065 /* TransferManager.m */; };
		79CB183E1074279C00A7E065 /* Settings.m in Sources */ = {isa = PBXBuildFile; fileRef = 79CB183D1074279C00A7E065 /* Settings.m */; };
		79CB18BE10742C7100A7E065 /* StatusViewController.m in Sources */ = {isa = PBXBuildFile; fileRef = 79CB18BD10742C7100A7E065 /* StatusViewController.m */; };
		79CB18C710742DB900A7E065 /* StatusUtils.m in Sources */ = {isa = PBXBuildFile; fileRef = 79CB18C610742DB900A7E065 /* StatusUtils.m */; };
		79CB19D21074423C00A7E065 /* ChecksumFileParser.m in Sources */ = {isa = PBXBuildFile; fileRef = 79CB19D11074423C00A7E065 /* ChecksumFileParser.m */; };
		79CB19D51074424300A7E065 /* OrgFileParser.m in Sources */ = {isa = PBXBuildFile; fileRef = 79CB19D41074424300A7E065 /* OrgFileParser.m */; };
		79CB1F1110758EA200A7E065 /* DetailsViewController.m in Sources */ = {isa = PBXBuildFile; fileRef = 79CB1F1010758EA200A7E065 /* DetailsViewController.m */; };
		79CB1F201075900F00A7E065 /* TableUtils.m in Sources */ = {isa = PBXBuildFile; fileRef = 79CB1F1F1075900F00A7E065 /* TableUtils.m */; };
		79CB20B510762CC000A7E065 /* NodeTextEditController.m in Sources */ = {isa = PBXBuildFile; fileRef = 79CB20B410762CC000A7E065 /* NodeTextEditController.m */; };
		79F879B9108544A100A54CA9 /* press-sync.png in Resources */ = {isa = PBXBuildFile; fileRef = 79F879B8108544A100A54CA9 /* press-sync.png */; };
		79F87A9A10854FEA00A54CA9 /* cant-sync-offline.png in Resources */ = {isa = PBXBuildFile; fileRef = 79F87A9810854FEA00A54CA9 /* cant-sync-offline.png */; };
		79F87A9B10854FEA00A54CA9 /* please-configure.png in Resources */ = {isa = PBXBuildFile; fileRef = 79F87A9910854FEA00A54CA9 /* please-configure.png */; };
		8322ED6A176AB305008B37C7 /* press-sync@2x.png in Resources */ = {isa = PBXBuildFile; fileRef = 8322ED69176AB305008B37C7 /* press-sync@2x.png */; };
		8322ED6C176AE93E008B37C7 /* cant-sync-offline@2x.png in Resources */ = {isa = PBXBuildFile; fileRef = 8322ED6B176AE93C008B37C7 /* cant-sync-offline@2x.png */; };
		8322ED6E176AE94B008B37C7 /* please-configure@2x.png in Resources */ = {isa = PBXBuildFile; fileRef = 8322ED6D176AE94A008B37C7 /* please-configure@2x.png */; };
		8322ED70176AEF2D008B37C7 /* back@2x.png in Resources */ = {isa = PBXBuildFile; fileRef = 8322ED6F176AEF2C008B37C7 /* back@2x.png */; };
		8322ED79176AEF62008B37C7 /* children@2x.png in Resources */ = {isa = PBXBuildFile; fileRef = 8322ED71176AEF55008B37C7 /* children@2x.png */; };
		8322ED7A176AEF62008B37C7 /* down@2x.png in Resources */ = {isa = PBXBuildFile; fileRef = 8322ED72176AEF56008B37C7 /* down@2x.png */; };
		8322ED7B176AEF62008B37C7 /* flag@2x.png in Resources */ = {isa = PBXBuildFile; fileRef = 8322ED73176AEF57008B37C7 /* flag@2x.png */; };
		8322ED7C176AEF62008B37C7 /* flagged@2x.png in Resources */ = {isa = PBXBuildFile; fileRef = 8322ED74176AEF59008B37C7 /* flagged@2x.png */; };
		8322ED7D176AEF62008B37C7 /* forward@2x.png in Resources */ = {isa = PBXBuildFile; fileRef = 8322ED75176AEF5A008B37C7 /* forward@2x.png */; };
		8322ED7E176AEF62008B37C7 /* home@2x.png in Resources */ = {isa = PBXBuildFile; fileRef = 8322ED76176AEF5C008B37C7 /* home@2x.png */; };
		8322ED7F176AEF62008B37C7 /* note_entry@2x.png in Resources */ = {isa = PBXBuildFile; fileRef = 8322ED77176AEF5D008B37C7 /* note_entry@2x.png */; };
		8322ED80176AEF62008B37C7 /* up@2x.png in Resources */ = {isa = PBXBuildFile; fileRef = 8322ED78176AEF5E008B37C7 /* up@2x.png */; };
		8322ED87176AF1C7008B37C7 /* capture@2x.png in Resources */ = {isa = PBXBuildFile; fileRef = 8322ED81176AF1BD008B37C7 /* capture@2x.png */; };
		8322ED88176AF1C7008B37C7 /* inbox@2x.png in Resources */ = {isa = PBXBuildFile; fileRef = 8322ED82176AF1BF008B37C7 /* inbox@2x.png */; };
		8322ED89176AF1C7008B37C7 /* outline@2x.png in Resources */ = {isa = PBXBuildFile; fileRef = 8322ED83176AF1C1008B37C7 /* outline@2x.png */; };
		8322ED8A176AF1C7008B37C7 /* search@2x.png in Resources */ = {isa = PBXBuildFile; fileRef = 8322ED84176AF1C2008B37C7 /* search@2x.png */; };
		8322ED8B176AF1C7008B37C7 /* settings@2x.png in Resources */ = {isa = PBXBuildFile; fileRef = 8322ED85176AF1C4008B37C7 /* settings@2x.png */; };
		8322ED8C176AF1C7008B37C7 /* table_gray@2x.png in Resources */ = {isa = PBXBuildFile; fileRef = 8322ED86176AF1C6008B37C7 /* table_gray@2x.png */; };
		83B1312C234AD16D0043D955 /* CloudKit.framework in Frameworks */ = {isa = PBXBuildFile; fileRef = 83B1312B234AD16D0043D955 /* CloudKit.framework */; };
/* End PBXBuildFile section */

/* Begin PBXContainerItemProxy section */
		747BF99C1DFD719400E800FB /* PBXContainerItemProxy */ = {
			isa = PBXContainerItemProxy;
			containerPortal = 29B97313FDCFA39411CA2CEA /* Project object */;
			proxyType = 1;
			remoteGlobalIDString = 1D6058900D05DD3D006BFB54;
			remoteInfo = MobileOrg;
		};
/* End PBXContainerItemProxy section */

/* Begin PBXFileReference section */
		18A3BBA216178BDD003D9320 /* QuartzCore.framework */ = {isa = PBXFileReference; lastKnownFileType = wrapper.framework; name = QuartzCore.framework; path = System/Library/Frameworks/QuartzCore.framework; sourceTree = SDKROOT; };
		18A3BBA516178DCD003D9320 /* Reachability.h */ = {isa = PBXFileReference; fileEncoding = 4; lastKnownFileType = sourcecode.c.h; path = Reachability.h; sourceTree = "<group>"; };
		18A3BBA616178DCD003D9320 /* Reachability.m */ = {isa = PBXFileReference; fileEncoding = 4; lastKnownFileType = sourcecode.c.objc; path = Reachability.m; sourceTree = "<group>"; };
		1D30AB110D05D00D00671497 /* Foundation.framework */ = {isa = PBXFileReference; lastKnownFileType = wrapper.framework; name = Foundation.framework; path = System/Library/Frameworks/Foundation.framework; sourceTree = SDKROOT; };
		1D6058910D05DD3D006BFB54 /* MobileOrg.app */ = {isa = PBXFileReference; explicitFileType = wrapper.application; includeInIndex = 0; path = MobileOrg.app; sourceTree = BUILT_PRODUCTS_DIR; };
		1DF5F4DF0D08C38300B7A737 /* UIKit.framework */ = {isa = PBXFileReference; lastKnownFileType = wrapper.framework; name = UIKit.framework; path = System/Library/Frameworks/UIKit.framework; sourceTree = SDKROOT; };
		288765A40DF7441C002DB57D /* CoreGraphics.framework */ = {isa = PBXFileReference; lastKnownFileType = wrapper.framework; name = CoreGraphics.framework; path = System/Library/Frameworks/CoreGraphics.framework; sourceTree = SDKROOT; };
		28AD733E0D9D9553002E5188 /* MainWindow.xib */ = {isa = PBXFileReference; lastKnownFileType = file.xib; path = MainWindow.xib; sourceTree = "<group>"; };
		28D801B30F44B63D00FB423F /* CoreData.framework */ = {isa = PBXFileReference; lastKnownFileType = wrapper.framework; name = CoreData.framework; path = System/Library/Frameworks/CoreData.framework; sourceTree = SDKROOT; };
		29B97316FDCFA39411CA2CEA /* main.m */ = {isa = PBXFileReference; fileEncoding = 4; lastKnownFileType = sourcecode.c.objc; path = main.m; sourceTree = "<group>"; };
		32CA4F630368D1EE00C91783 /* MobileOrg_Prefix.pch */ = {isa = PBXFileReference; fileEncoding = 4; lastKnownFileType = sourcecode.c.h; path = MobileOrg_Prefix.pch; sourceTree = "<group>"; };
		5420E7C8234D15F20008ADAC /* CloudTransferManager.swift */ = {isa = PBXFileReference; lastKnownFileType = sourcecode.swift; path = CloudTransferManager.swift; sourceTree = "<group>"; };
		5420E7CC234FB4150008ADAC /* UIAlertController+MobileOrg.swift */ = {isa = PBXFileReference; lastKnownFileType = sourcecode.swift; path = "UIAlertController+MobileOrg.swift"; sourceTree = "<group>"; };
		5420E7D0234FC7AA0008ADAC /* CloudTransferManagerTests.swift */ = {isa = PBXFileReference; lastKnownFileType = sourcecode.swift; path = CloudTransferManagerTests.swift; sourceTree = "<group>"; };
		54CD6300234BC02D00D485E1 /* UIColor+MobileOrg.swift */ = {isa = PBXFileReference; lastKnownFileType = sourcecode.swift; path = "UIColor+MobileOrg.swift"; sourceTree = "<group>"; };
		54CD6302234BC9A200D485E1 /* RoundedLabel.swift */ = {isa = PBXFileReference; lastKnownFileType = sourcecode.swift; path = RoundedLabel.swift; sourceTree = "<group>"; };
		54E9BAA823531E12008419C4 /* String+Attributes.swift */ = {isa = PBXFileReference; lastKnownFileType = sourcecode.swift; path = "String+Attributes.swift"; sourceTree = "<group>"; };
		54E9BAAA2353504A008419C4 /* OutlineCell.swift */ = {isa = PBXFileReference; lastKnownFileType = sourcecode.swift; path = OutlineCell.swift; sourceTree = "<group>"; };
		6561B399A841A3A5958A5889 /* Pods-MobileOrg.appstore.xcconfig */ = {isa = PBXFileReference; includeInIndex = 1; lastKnownFileType = text.xcconfig; name = "Pods-MobileOrg.appstore.xcconfig"; path = "Pods/Target Support Files/Pods-MobileOrg/Pods-MobileOrg.appstore.xcconfig"; sourceTree = "<group>"; };
		6CB501EC1E20C3D70082FD40 /* Settings.storyboard */ = {isa = PBXFileReference; fileEncoding = 4; lastKnownFileType = file.storyboard; path = Settings.storyboard; sourceTree = "<group>"; };
		6CB501ED1E20C3D70082FD40 /* SettingsController.swift */ = {isa = PBXFileReference; fileEncoding = 4; lastKnownFileType = sourcecode.swift; path = SettingsController.swift; sourceTree = "<group>"; };
		6CB501EE1E20C3D70082FD40 /* SyncSettingsController.swift */ = {isa = PBXFileReference; fileEncoding = 4; lastKnownFileType = sourcecode.swift; path = SyncSettingsController.swift; sourceTree = "<group>"; };
		6CB501EF1E20C3D70082FD40 /* TextInputCell.swift */ = {isa = PBXFileReference; fileEncoding = 4; lastKnownFileType = sourcecode.swift; path = TextInputCell.swift; sourceTree = "<group>"; };
		7419FA531E20DAC900F0EA45 /* SettingsTest.swift */ = {isa = PBXFileReference; fileEncoding = 4; lastKnownFileType = sourcecode.swift; path = SettingsTest.swift; sourceTree = "<group>"; };
		7436ED721E41C05200BBD704 /* WebDavTransferManager.swift */ = {isa = PBXFileReference; fileEncoding = 4; lastKnownFileType = sourcecode.swift; path = WebDavTransferManager.swift; sourceTree = "<group>"; };
		743C12F31DFED37F0051EC6F /* Images.xcassets */ = {isa = PBXFileReference; lastKnownFileType = folder.assetcatalog; name = Images.xcassets; path = MobileOrg/Images.xcassets; sourceTree = "<group>"; };
		743C12F51DFED5950051EC6F /* Launch Screen.storyboard */ = {isa = PBXFileReference; fileEncoding = 4; lastKnownFileType = file.storyboard; path = "Launch Screen.storyboard"; sourceTree = "<group>"; };
		744408DD1E035A1800BCE192 /* DropboxTransferManager.swift */ = {isa = PBXFileReference; fileEncoding = 4; lastKnownFileType = sourcecode.swift; name = DropboxTransferManager.swift; path = Dropbox/DropboxTransferManager.swift; sourceTree = "<group>"; };
		744787DF1EB265A700631BA2 /* WebDavTests.swift */ = {isa = PBXFileReference; fileEncoding = 4; lastKnownFileType = sourcecode.swift; path = WebDavTests.swift; sourceTree = "<group>"; };
		744787E11EB3198D00631BA2 /* PersistenceStack.swift */ = {isa = PBXFileReference; fileEncoding = 4; lastKnownFileType = sourcecode.swift; path = PersistenceStack.swift; sourceTree = "<group>"; };
		744EF03F1E4666B200DB1E81 /* MobileOrgTestingSample.org */ = {isa = PBXFileReference; fileEncoding = 4; lastKnownFileType = text; path = MobileOrgTestingSample.org; sourceTree = "<group>"; };
		745B1E2F1EC98C9B00D80421 /* MobileOrg 2.xcdatamodel */ = {isa = PBXFileReference; lastKnownFileType = wrapper.xcdatamodel; path = "MobileOrg 2.xcdatamodel"; sourceTree = "<group>"; };
		745B1E301EC98C9B00D80421 /* MobileOrg.xcdatamodel */ = {isa = PBXFileReference; lastKnownFileType = wrapper.xcdatamodel; path = MobileOrg.xcdatamodel; sourceTree = "<group>"; };
		746102FB1DFF0EDA00C8E34F /* MobileOrg-Bridging-Header.h */ = {isa = PBXFileReference; lastKnownFileType = sourcecode.c.h; path = "MobileOrg-Bridging-Header.h"; sourceTree = "<group>"; };
		746102FC1DFF0EDB00C8E34F /* String+RegexSplitter.swift */ = {isa = PBXFileReference; fileEncoding = 4; lastKnownFileType = sourcecode.swift; name = "String+RegexSplitter.swift"; path = "Classes/Extensions/String+RegexSplitter.swift"; sourceTree = "<group>"; };
		746102FF1DFF15F300C8E34F /* MobileOrgTests-Bridging-Header.h */ = {isa = PBXFileReference; lastKnownFileType = sourcecode.c.h; path = "MobileOrgTests-Bridging-Header.h"; sourceTree = "<group>"; };
		7476CA9E1E01C749007EAE6F /* String+RegexTests.swift */ = {isa = PBXFileReference; fileEncoding = 4; lastKnownFileType = sourcecode.swift; path = "String+RegexTests.swift"; sourceTree = "<group>"; };
		747BF9801DFCBC3F00E800FB /* libicucore.tbd */ = {isa = PBXFileReference; lastKnownFileType = "sourcecode.text-based-dylib-definition"; name = libicucore.tbd; path = usr/lib/libicucore.tbd; sourceTree = SDKROOT; };
		747BF9881DFD5CD900E800FB /* AppKey.plist */ = {isa = PBXFileReference; fileEncoding = 4; lastKnownFileType = text.plist.xml; name = AppKey.plist; path = Configuration/AppKey.plist; sourceTree = "<group>"; };
		747BF9971DFD719400E800FB /* MobileOrgTests.xctest */ = {isa = PBXFileReference; explicitFileType = wrapper.cfbundle; includeInIndex = 0; path = MobileOrgTests.xctest; sourceTree = BUILT_PRODUCTS_DIR; };
		747BF99B1DFD719400E800FB /* Info.plist */ = {isa = PBXFileReference; lastKnownFileType = text.plist.xml; path = Info.plist; sourceTree = "<group>"; };
		747BF9A21DFD738E00E800FB /* NodeTests.m */ = {isa = PBXFileReference; fileEncoding = 4; lastKnownFileType = sourcecode.c.objc; path = NodeTests.m; sourceTree = "<group>"; };
		749CCE3C1E05A8A600DE4648 /* Default-568h@2x.png */ = {isa = PBXFileReference; lastKnownFileType = image.png; path = "Default-568h@2x.png"; sourceTree = "<group>"; };
		749CCE7B1E084F6A00DE4648 /* OrgfileParserTests.swift */ = {isa = PBXFileReference; fileEncoding = 4; lastKnownFileType = sourcecode.swift; path = OrgfileParserTests.swift; sourceTree = "<group>"; };
		749CCE7E1E08557800DE4648 /* headingskip.org */ = {isa = PBXFileReference; fileEncoding = 4; lastKnownFileType = text; path = headingskip.org; sourceTree = "<group>"; };
		749CCE801E09201400DE4648 /* defaultTodoWords.org */ = {isa = PBXFileReference; fileEncoding = 4; lastKnownFileType = text; path = defaultTodoWords.org; sourceTree = "<group>"; };
		749CCE841E0AE23900DE4648 /* TodoList.org */ = {isa = PBXFileReference; fileEncoding = 4; lastKnownFileType = text; path = TodoList.org; sourceTree = "<group>"; };
		749CCE861E0AE96300DE4648 /* index.org */ = {isa = PBXFileReference; fileEncoding = 4; lastKnownFileType = text; path = index.org; sourceTree = "<group>"; };
		790B413D10814D8400A852F1 /* ActionMenuController.h */ = {isa = PBXFileReference; fileEncoding = 4; lastKnownFileType = sourcecode.c.h; path = ActionMenuController.h; sourceTree = "<group>"; };
		790B413E10814D8400A852F1 /* ActionMenuController.m */ = {isa = PBXFileReference; fileEncoding = 4; lastKnownFileType = sourcecode.c.objc; path = ActionMenuController.m; sourceTree = "<group>"; };
		790B417C10814FAC00A852F1 /* OutlineTableView.h */ = {isa = PBXFileReference; fileEncoding = 4; lastKnownFileType = sourcecode.c.h; path = OutlineTableView.h; sourceTree = "<group>"; };
		790B417D10814FAC00A852F1 /* OutlineTableView.m */ = {isa = PBXFileReference; fileEncoding = 4; lastKnownFileType = sourcecode.c.objc; path = OutlineTableView.m; sourceTree = "<group>"; };
		790B455410826A0900A852F1 /* PriorityEditController.h */ = {isa = PBXFileReference; fileEncoding = 4; lastKnownFileType = sourcecode.c.h; path = PriorityEditController.h; sourceTree = "<group>"; };
		790B455510826A0900A852F1 /* PriorityEditController.m */ = {isa = PBXFileReference; fileEncoding = 4; lastKnownFileType = sourcecode.c.objc; path = PriorityEditController.m; sourceTree = "<group>"; };
		791653A61078109B00695E4C /* EditsFileParser.h */ = {isa = PBXFileReference; fileEncoding = 4; lastKnownFileType = sourcecode.c.h; path = EditsFileParser.h; sourceTree = "<group>"; };
		791653A71078109B00695E4C /* EditsFileParser.m */ = {isa = PBXFileReference; fileEncoding = 4; lastKnownFileType = sourcecode.c.objc; path = EditsFileParser.m; sourceTree = "<group>"; };
		791653C0107814C500695E4C /* EditEntity.h */ = {isa = PBXFileReference; fileEncoding = 4; lastKnownFileType = sourcecode.c.h; path = EditEntity.h; sourceTree = "<group>"; };
		791653C1107814C500695E4C /* EditEntity.m */ = {isa = PBXFileReference; fileEncoding = 4; lastKnownFileType = sourcecode.c.objc; path = EditEntity.m; sourceTree = "<group>"; };
		7936F929120DDF3F0062CF0E /* MainWindow-iPad.xib */ = {isa = PBXFileReference; lastKnownFileType = file.xib; name = "MainWindow-iPad.xib"; path = "Resources-iPad/MainWindow-iPad.xib"; sourceTree = "<group>"; };
		7936FA90120DF4280062CF0E /* Entitlements.plist */ = {isa = PBXFileReference; fileEncoding = 4; lastKnownFileType = text.plist.xml; path = Entitlements.plist; sourceTree = "<group>"; };
		793F7D8B107C1E6000674D0A /* SearchController.h */ = {isa = PBXFileReference; fileEncoding = 4; lastKnownFileType = sourcecode.c.h; path = SearchController.h; sourceTree = "<group>"; };
		793F7D8C107C1E6000674D0A /* SearchController.m */ = {isa = PBXFileReference; fileEncoding = 4; lastKnownFileType = sourcecode.c.objc; path = SearchController.m; sourceTree = "<group>"; };
		793F7EE3107C362E00674D0A /* DocumentViewController.h */ = {isa = PBXFileReference; fileEncoding = 4; lastKnownFileType = sourcecode.c.h; path = DocumentViewController.h; sourceTree = "<group>"; };
		793F7EE4107C362E00674D0A /* DocumentViewController.m */ = {isa = PBXFileReference; fileEncoding = 4; lastKnownFileType = sourcecode.c.objc; path = DocumentViewController.m; sourceTree = "<group>"; };
		793F7F09107C385200674D0A /* DocumentView.css */ = {isa = PBXFileReference; fileEncoding = 4; lastKnownFileType = text.css; path = DocumentView.css; sourceTree = "<group>"; };
		793F7F0B107C385900674D0A /* DocumentView.js */ = {isa = PBXFileReference; fileEncoding = 4; lastKnownFileType = sourcecode.javascript; path = DocumentView.js; sourceTree = "<group>"; };
		793F7F6B107CB5FC00674D0A /* SystemConfiguration.framework */ = {isa = PBXFileReference; lastKnownFileType = wrapper.framework; name = SystemConfiguration.framework; path = /System/Library/Frameworks/SystemConfiguration.framework; sourceTree = "<absolute>"; };
		793F811D107D381A00674D0A /* SessionManager.h */ = {isa = PBXFileReference; fileEncoding = 4; lastKnownFileType = sourcecode.c.h; path = SessionManager.h; sourceTree = "<group>"; };
		793F811E107D381A00674D0A /* SessionManager.m */ = {isa = PBXFileReference; fileEncoding = 4; lastKnownFileType = sourcecode.c.objc; path = SessionManager.m; sourceTree = "<group>"; };
		793F8126107D38C900674D0A /* OutlineState.h */ = {isa = PBXFileReference; fileEncoding = 4; lastKnownFileType = sourcecode.c.h; path = OutlineState.h; sourceTree = "<group>"; };
		793F8127107D38C900674D0A /* OutlineState.m */ = {isa = PBXFileReference; fileEncoding = 4; lastKnownFileType = sourcecode.c.objc; path = OutlineState.m; sourceTree = "<group>"; };
		7945F59F11A8066200731598 /* WebDavTransferManager.h */ = {isa = PBXFileReference; fileEncoding = 4; lastKnownFileType = sourcecode.c.h; name = WebDavTransferManager.h; path = WebDav/WebDavTransferManager.h; sourceTree = "<group>"; };
		7945F5A011A8066200731598 /* WebDavTransferManager.m */ = {isa = PBXFileReference; fileEncoding = 4; lastKnownFileType = sourcecode.c.objc; name = WebDavTransferManager.m; path = WebDav/WebDavTransferManager.m; sourceTree = "<group>"; };
		7945F61111A807FD00731598 /* Security.framework */ = {isa = PBXFileReference; lastKnownFileType = wrapper.framework; name = Security.framework; path = System/Library/Frameworks/Security.framework; sourceTree = SDKROOT; };
		7982F35A1073F2FA00AEA6BC /* Node.h */ = {isa = PBXFileReference; fileEncoding = 4; lastKnownFileType = sourcecode.c.h; path = Node.h; sourceTree = "<group>"; };
		7982F35B1073F2FA00AEA6BC /* Node.m */ = {isa = PBXFileReference; fileEncoding = 4; lastKnownFileType = sourcecode.c.objc; path = Node.m; sourceTree = "<group>"; };
		7982F35C1073F2FA00AEA6BC /* Note.h */ = {isa = PBXFileReference; fileEncoding = 4; lastKnownFileType = sourcecode.c.h; path = Note.h; sourceTree = "<group>"; };
		7982F35D1073F2FA00AEA6BC /* Note.m */ = {isa = PBXFileReference; fileEncoding = 4; lastKnownFileType = sourcecode.c.objc; path = Note.m; sourceTree = "<group>"; };
		7982F35E1073F2FA00AEA6BC /* FileChecksum.h */ = {isa = PBXFileReference; fileEncoding = 4; lastKnownFileType = sourcecode.c.h; path = FileChecksum.h; sourceTree = "<group>"; };
		7982F35F1073F2FA00AEA6BC /* FileChecksum.m */ = {isa = PBXFileReference; fileEncoding = 4; lastKnownFileType = sourcecode.c.objc; path = FileChecksum.m; sourceTree = "<group>"; };
		7982F3601073F2FA00AEA6BC /* LocalEditAction.h */ = {isa = PBXFileReference; fileEncoding = 4; lastKnownFileType = sourcecode.c.h; path = LocalEditAction.h; sourceTree = "<group>"; };
		7982F3611073F2FA00AEA6BC /* LocalEditAction.m */ = {isa = PBXFileReference; fileEncoding = 4; lastKnownFileType = sourcecode.c.objc; path = LocalEditAction.m; sourceTree = "<group>"; };
		7982F3681073F33500AEA6BC /* OutlineViewController.h */ = {isa = PBXFileReference; fileEncoding = 4; lastKnownFileType = sourcecode.c.h; path = OutlineViewController.h; sourceTree = "<group>"; };
		7982F3691073F33500AEA6BC /* OutlineViewController.m */ = {isa = PBXFileReference; fileEncoding = 4; lastKnownFileType = sourcecode.c.objc; path = OutlineViewController.m; sourceTree = "<group>"; };
		7982F37B1073F6B700AEA6BC /* GlobalUtils.h */ = {isa = PBXFileReference; fileEncoding = 4; lastKnownFileType = sourcecode.c.h; path = GlobalUtils.h; sourceTree = "<group>"; };
		7982F37C1073F6B700AEA6BC /* GlobalUtils.m */ = {isa = PBXFileReference; fileEncoding = 4; lastKnownFileType = sourcecode.c.objc; path = GlobalUtils.m; sourceTree = "<group>"; };
		7982F3B81073FBF800AEA6BC /* DataUtils.h */ = {isa = PBXFileReference; fileEncoding = 4; lastKnownFileType = sourcecode.c.h; path = DataUtils.h; sourceTree = "<group>"; };
		7982F3B91073FBF800AEA6BC /* DataUtils.m */ = {isa = PBXFileReference; fileEncoding = 4; lastKnownFileType = sourcecode.c.objc; path = DataUtils.m; sourceTree = "<group>"; };
		799774AA122C69260006EFC6 /* MobileOrg-Info-AdHoc.plist */ = {isa = PBXFileReference; fileEncoding = 4; lastKnownFileType = text.plist.xml; path = "MobileOrg-Info-AdHoc.plist"; sourceTree = "<group>"; };
		799774AB122C69260006EFC6 /* MobileOrg-Info-Debug.plist */ = {isa = PBXFileReference; fileEncoding = 4; lastKnownFileType = text.plist.xml; path = "MobileOrg-Info-Debug.plist"; sourceTree = "<group>"; };
		7998AC111079180F0000ED49 /* TagEditController.h */ = {isa = PBXFileReference; fileEncoding = 4; lastKnownFileType = sourcecode.c.h; path = TagEditController.h; sourceTree = "<group>"; };
		7998AC121079180F0000ED49 /* TagEditController.m */ = {isa = PBXFileReference; fileEncoding = 4; lastKnownFileType = sourcecode.c.objc; path = TagEditController.m; sourceTree = "<group>"; };
		7998AE2310794DBF0000ED49 /* AlertTextField.png */ = {isa = PBXFileReference; lastKnownFileType = image.png; path = AlertTextField.png; sourceTree = "<group>"; };
		7998B00210797EBE0000ED49 /* TodoStateEditController.h */ = {isa = PBXFileReference; fileEncoding = 4; lastKnownFileType = sourcecode.c.h; path = TodoStateEditController.h; sourceTree = "<group>"; };
		7998B00310797EBE0000ED49 /* TodoStateEditController.m */ = {isa = PBXFileReference; fileEncoding = 4; lastKnownFileType = sourcecode.c.objc; path = TodoStateEditController.m; sourceTree = "<group>"; };
		7998B05B1079847C0000ED49 /* back.png */ = {isa = PBXFileReference; lastKnownFileType = image.png; path = back.png; sourceTree = "<group>"; };
		7998B05C1079847C0000ED49 /* capture.png */ = {isa = PBXFileReference; lastKnownFileType = image.png; path = capture.png; sourceTree = "<group>"; };
		7998B05D1079847C0000ED49 /* children.png */ = {isa = PBXFileReference; lastKnownFileType = image.png; path = children.png; sourceTree = "<group>"; };
		7998B05E1079847C0000ED49 /* down.png */ = {isa = PBXFileReference; lastKnownFileType = image.png; path = down.png; sourceTree = "<group>"; };
		7998B05F1079847C0000ED49 /* flag.png */ = {isa = PBXFileReference; lastKnownFileType = image.png; path = flag.png; sourceTree = "<group>"; };
		7998B0601079847C0000ED49 /* flagged.png */ = {isa = PBXFileReference; lastKnownFileType = image.png; path = flagged.png; sourceTree = "<group>"; };
		7998B0611079847C0000ED49 /* forward.png */ = {isa = PBXFileReference; lastKnownFileType = image.png; path = forward.png; sourceTree = "<group>"; };
		7998B0621079847C0000ED49 /* home.png */ = {isa = PBXFileReference; lastKnownFileType = image.png; path = home.png; sourceTree = "<group>"; };
		7998B0631079847C0000ED49 /* inbox.png */ = {isa = PBXFileReference; lastKnownFileType = image.png; path = inbox.png; sourceTree = "<group>"; };
		7998B0641079847C0000ED49 /* noflag.png */ = {isa = PBXFileReference; lastKnownFileType = image.png; path = noflag.png; sourceTree = "<group>"; };
		7998B0651079847C0000ED49 /* note_entry.png */ = {isa = PBXFileReference; lastKnownFileType = image.png; path = note_entry.png; sourceTree = "<group>"; };
		7998B0661079847C0000ED49 /* outline.png */ = {isa = PBXFileReference; lastKnownFileType = image.png; path = outline.png; sourceTree = "<group>"; };
		7998B0671079847C0000ED49 /* search.png */ = {isa = PBXFileReference; lastKnownFileType = image.png; path = search.png; sourceTree = "<group>"; };
		7998B0681079847C0000ED49 /* settings.png */ = {isa = PBXFileReference; lastKnownFileType = image.png; path = settings.png; sourceTree = "<group>"; };
		7998B0691079847C0000ED49 /* table_gray.png */ = {isa = PBXFileReference; lastKnownFileType = image.png; path = table_gray.png; sourceTree = "<group>"; };
		7998B06A1079847C0000ED49 /* up.png */ = {isa = PBXFileReference; lastKnownFileType = image.png; path = up.png; sourceTree = "<group>"; };
		7998B2D4107B6F820000ED49 /* NoteListController.h */ = {isa = PBXFileReference; fileEncoding = 4; lastKnownFileType = sourcecode.c.h; path = NoteListController.h; sourceTree = "<group>"; };
		7998B2D5107B6F820000ED49 /* NoteListController.m */ = {isa = PBXFileReference; fileEncoding = 4; lastKnownFileType = sourcecode.c.objc; path = NoteListController.m; sourceTree = "<group>"; };
		7998B386107BAA7D0000ED49 /* NewNoteController.h */ = {isa = PBXFileReference; fileEncoding = 4; lastKnownFileType = sourcecode.c.h; path = NewNoteController.h; sourceTree = "<group>"; };
		7998B387107BAA7D0000ED49 /* NewNoteController.m */ = {isa = PBXFileReference; fileEncoding = 4; lastKnownFileType = sourcecode.c.objc; path = NewNoteController.m; sourceTree = "<group>"; };
		79BA555A1073A6F800D67917 /* MobileOrgAppDelegate.h */ = {isa = PBXFileReference; fileEncoding = 4; lastKnownFileType = sourcecode.c.h; path = MobileOrgAppDelegate.h; sourceTree = "<group>"; };
		79BA555B1073A6F800D67917 /* MobileOrgAppDelegate.m */ = {isa = PBXFileReference; fileEncoding = 4; lastKnownFileType = sourcecode.c.objc; path = MobileOrgAppDelegate.m; sourceTree = "<group>"; };
		79CB17F7107420E300A7E065 /* SyncManager.h */ = {isa = PBXFileReference; fileEncoding = 4; lastKnownFileType = sourcecode.c.h; path = SyncManager.h; sourceTree = "<group>"; };
		79CB17F8107420E300A7E065 /* SyncManager.m */ = {isa = PBXFileReference; fileEncoding = 4; lastKnownFileType = sourcecode.c.objc; path = SyncManager.m; sourceTree = "<group>"; };
		79CB181F107425EF00A7E065 /* TransferContext.h */ = {isa = PBXFileReference; fileEncoding = 4; lastKnownFileType = sourcecode.c.h; path = TransferContext.h; sourceTree = "<group>"; };
		79CB1820107425EF00A7E065 /* TransferContext.m */ = {isa = PBXFileReference; fileEncoding = 4; lastKnownFileType = sourcecode.c.objc; path = TransferContext.m; sourceTree = "<group>"; };
		79CB1822107425F500A7E065 /* TransferManager.h */ = {isa = PBXFileReference; fileEncoding = 4; lastKnownFileType = sourcecode.c.h; path = TransferManager.h; sourceTree = "<group>"; };
		79CB1823107425F500A7E065 /* TransferManager.m */ = {isa = PBXFileReference; fileEncoding = 4; lastKnownFileType = sourcecode.c.objc; path = TransferManager.m; sourceTree = "<group>"; };
		79CB1825107425FC00A7E065 /* TransferManagerDelegate.h */ = {isa = PBXFileReference; fileEncoding = 4; lastKnownFileType = sourcecode.c.h; path = TransferManagerDelegate.h; sourceTree = "<group>"; };
		79CB183C1074279C00A7E065 /* Settings.h */ = {isa = PBXFileReference; fileEncoding = 4; lastKnownFileType = sourcecode.c.h; path = Settings.h; sourceTree = "<group>"; };
		79CB183D1074279C00A7E065 /* Settings.m */ = {isa = PBXFileReference; fileEncoding = 4; lastKnownFileType = sourcecode.c.objc; path = Settings.m; sourceTree = "<group>"; };
		79CB18BC10742C7100A7E065 /* StatusViewController.h */ = {isa = PBXFileReference; fileEncoding = 4; lastKnownFileType = sourcecode.c.h; path = StatusViewController.h; sourceTree = "<group>"; };
		79CB18BD10742C7100A7E065 /* StatusViewController.m */ = {isa = PBXFileReference; fileEncoding = 4; lastKnownFileType = sourcecode.c.objc; path = StatusViewController.m; sourceTree = "<group>"; };
		79CB18C510742DB900A7E065 /* StatusUtils.h */ = {isa = PBXFileReference; fileEncoding = 4; lastKnownFileType = sourcecode.c.h; path = StatusUtils.h; sourceTree = "<group>"; };
		79CB18C610742DB900A7E065 /* StatusUtils.m */ = {isa = PBXFileReference; fileEncoding = 4; lastKnownFileType = sourcecode.c.objc; path = StatusUtils.m; sourceTree = "<group>"; };
		79CB19D01074423C00A7E065 /* ChecksumFileParser.h */ = {isa = PBXFileReference; fileEncoding = 4; lastKnownFileType = sourcecode.c.h; path = ChecksumFileParser.h; sourceTree = "<group>"; };
		79CB19D11074423C00A7E065 /* ChecksumFileParser.m */ = {isa = PBXFileReference; fileEncoding = 4; lastKnownFileType = sourcecode.c.objc; path = ChecksumFileParser.m; sourceTree = "<group>"; };
		79CB19D31074424300A7E065 /* OrgFileParser.h */ = {isa = PBXFileReference; fileEncoding = 4; lastKnownFileType = sourcecode.c.h; path = OrgFileParser.h; sourceTree = "<group>"; };
		79CB19D41074424300A7E065 /* OrgFileParser.m */ = {isa = PBXFileReference; fileEncoding = 4; lastKnownFileType = sourcecode.c.objc; path = OrgFileParser.m; sourceTree = "<group>"; };
		79CB1F0F10758EA200A7E065 /* DetailsViewController.h */ = {isa = PBXFileReference; fileEncoding = 4; lastKnownFileType = sourcecode.c.h; path = DetailsViewController.h; sourceTree = "<group>"; };
		79CB1F1010758EA200A7E065 /* DetailsViewController.m */ = {isa = PBXFileReference; fileEncoding = 4; lastKnownFileType = sourcecode.c.objc; path = DetailsViewController.m; sourceTree = "<group>"; };
		79CB1F1E1075900F00A7E065 /* TableUtils.h */ = {isa = PBXFileReference; fileEncoding = 4; lastKnownFileType = sourcecode.c.h; path = TableUtils.h; sourceTree = "<group>"; };
		79CB1F1F1075900F00A7E065 /* TableUtils.m */ = {isa = PBXFileReference; fileEncoding = 4; lastKnownFileType = sourcecode.c.objc; path = TableUtils.m; sourceTree = "<group>"; };
		79CB20B310762CC000A7E065 /* NodeTextEditController.h */ = {isa = PBXFileReference; fileEncoding = 4; lastKnownFileType = sourcecode.c.h; path = NodeTextEditController.h; sourceTree = "<group>"; };
		79CB20B410762CC000A7E065 /* NodeTextEditController.m */ = {isa = PBXFileReference; fileEncoding = 4; lastKnownFileType = sourcecode.c.objc; path = NodeTextEditController.m; sourceTree = "<group>"; };
		79F879B8108544A100A54CA9 /* press-sync.png */ = {isa = PBXFileReference; lastKnownFileType = image.png; path = "press-sync.png"; sourceTree = "<group>"; };
		79F87A9810854FEA00A54CA9 /* cant-sync-offline.png */ = {isa = PBXFileReference; lastKnownFileType = image.png; path = "cant-sync-offline.png"; sourceTree = "<group>"; };
		79F87A9910854FEA00A54CA9 /* please-configure.png */ = {isa = PBXFileReference; lastKnownFileType = image.png; path = "please-configure.png"; sourceTree = "<group>"; };
		8202E5BD58AEDFCB8A890758 /* Pods-MobileOrg.adhoc.xcconfig */ = {isa = PBXFileReference; includeInIndex = 1; lastKnownFileType = text.xcconfig; name = "Pods-MobileOrg.adhoc.xcconfig"; path = "Pods/Target Support Files/Pods-MobileOrg/Pods-MobileOrg.adhoc.xcconfig"; sourceTree = "<group>"; };
		8322ED69176AB305008B37C7 /* press-sync@2x.png */ = {isa = PBXFileReference; lastKnownFileType = image.png; path = "press-sync@2x.png"; sourceTree = "<group>"; };
		8322ED6B176AE93C008B37C7 /* cant-sync-offline@2x.png */ = {isa = PBXFileReference; lastKnownFileType = image.png; path = "cant-sync-offline@2x.png"; sourceTree = "<group>"; };
		8322ED6D176AE94A008B37C7 /* please-configure@2x.png */ = {isa = PBXFileReference; lastKnownFileType = image.png; path = "please-configure@2x.png"; sourceTree = "<group>"; };
		8322ED6F176AEF2C008B37C7 /* back@2x.png */ = {isa = PBXFileReference; lastKnownFileType = image.png; path = "back@2x.png"; sourceTree = "<group>"; };
		8322ED71176AEF55008B37C7 /* children@2x.png */ = {isa = PBXFileReference; lastKnownFileType = image.png; path = "children@2x.png"; sourceTree = "<group>"; };
		8322ED72176AEF56008B37C7 /* down@2x.png */ = {isa = PBXFileReference; lastKnownFileType = image.png; path = "down@2x.png"; sourceTree = "<group>"; };
		8322ED73176AEF57008B37C7 /* flag@2x.png */ = {isa = PBXFileReference; lastKnownFileType = image.png; path = "flag@2x.png"; sourceTree = "<group>"; };
		8322ED74176AEF59008B37C7 /* flagged@2x.png */ = {isa = PBXFileReference; lastKnownFileType = image.png; path = "flagged@2x.png"; sourceTree = "<group>"; };
		8322ED75176AEF5A008B37C7 /* forward@2x.png */ = {isa = PBXFileReference; lastKnownFileType = image.png; path = "forward@2x.png"; sourceTree = "<group>"; };
		8322ED76176AEF5C008B37C7 /* home@2x.png */ = {isa = PBXFileReference; lastKnownFileType = image.png; path = "home@2x.png"; sourceTree = "<group>"; };
		8322ED77176AEF5D008B37C7 /* note_entry@2x.png */ = {isa = PBXFileReference; lastKnownFileType = image.png; path = "note_entry@2x.png"; sourceTree = "<group>"; };
		8322ED78176AEF5E008B37C7 /* up@2x.png */ = {isa = PBXFileReference; lastKnownFileType = image.png; path = "up@2x.png"; sourceTree = "<group>"; };
		8322ED81176AF1BD008B37C7 /* capture@2x.png */ = {isa = PBXFileReference; lastKnownFileType = image.png; path = "capture@2x.png"; sourceTree = "<group>"; };
		8322ED82176AF1BF008B37C7 /* inbox@2x.png */ = {isa = PBXFileReference; lastKnownFileType = image.png; path = "inbox@2x.png"; sourceTree = "<group>"; };
		8322ED83176AF1C1008B37C7 /* outline@2x.png */ = {isa = PBXFileReference; lastKnownFileType = image.png; path = "outline@2x.png"; sourceTree = "<group>"; };
		8322ED84176AF1C2008B37C7 /* search@2x.png */ = {isa = PBXFileReference; lastKnownFileType = image.png; path = "search@2x.png"; sourceTree = "<group>"; };
		8322ED85176AF1C4008B37C7 /* settings@2x.png */ = {isa = PBXFileReference; lastKnownFileType = image.png; path = "settings@2x.png"; sourceTree = "<group>"; };
		8322ED86176AF1C6008B37C7 /* table_gray@2x.png */ = {isa = PBXFileReference; lastKnownFileType = image.png; path = "table_gray@2x.png"; sourceTree = "<group>"; };
		83B1312B234AD16D0043D955 /* CloudKit.framework */ = {isa = PBXFileReference; lastKnownFileType = wrapper.framework; name = CloudKit.framework; path = System/Library/Frameworks/CloudKit.framework; sourceTree = SDKROOT; };
		83BCC85D203E92C700064F22 /* MobileOrg.entitlements */ = {isa = PBXFileReference; lastKnownFileType = text.plist.entitlements; name = MobileOrg.entitlements; path = MobileOrg/MobileOrg.entitlements; sourceTree = "<group>"; };
		8B262305779E2631EE21FE20 /* Pods-MobileOrg.debug.xcconfig */ = {isa = PBXFileReference; includeInIndex = 1; lastKnownFileType = text.xcconfig; name = "Pods-MobileOrg.debug.xcconfig"; path = "Pods/Target Support Files/Pods-MobileOrg/Pods-MobileOrg.debug.xcconfig"; sourceTree = "<group>"; };
		8D1107310486CEB800E47090 /* MobileOrg-Info.plist */ = {isa = PBXFileReference; fileEncoding = 4; lastKnownFileType = text.plist.xml; path = "MobileOrg-Info.plist"; sourceTree = "<group>"; };
		DA0A3BD3D41BA77D0F500F29 /* Pods_MobileOrg.framework */ = {isa = PBXFileReference; explicitFileType = wrapper.framework; includeInIndex = 0; path = Pods_MobileOrg.framework; sourceTree = BUILT_PRODUCTS_DIR; };
/* End PBXFileReference section */

/* Begin PBXFrameworksBuildPhase section */
		1D60588F0D05DD3D006BFB54 /* Frameworks */ = {
			isa = PBXFrameworksBuildPhase;
			buildActionMask = 2147483647;
			files = (
				747BF9811DFCBC3F00E800FB /* libicucore.tbd in Frameworks */,
				18A3BBA316178BDD003D9320 /* QuartzCore.framework in Frameworks */,
				1D60589F0D05DD5A006BFB54 /* Foundation.framework in Frameworks */,
				1DF5F4E00D08C38300B7A737 /* UIKit.framework in Frameworks */,
				288765A50DF7441C002DB57D /* CoreGraphics.framework in Frameworks */,
				83B1312C234AD16D0043D955 /* CloudKit.framework in Frameworks */,
				28D801B40F44B63D00FB423F /* CoreData.framework in Frameworks */,
				793F7F6C107CB5FC00674D0A /* SystemConfiguration.framework in Frameworks */,
				7945F61211A807FD00731598 /* Security.framework in Frameworks */,
				1CB7009C5E5623027D2F7449 /* Pods_MobileOrg.framework in Frameworks */,
			);
			runOnlyForDeploymentPostprocessing = 0;
		};
		747BF9941DFD719400E800FB /* Frameworks */ = {
			isa = PBXFrameworksBuildPhase;
			buildActionMask = 2147483647;
			files = (
			);
			runOnlyForDeploymentPostprocessing = 0;
		};
/* End PBXFrameworksBuildPhase section */

/* Begin PBXGroup section */
		18A3BBA416178DCD003D9320 /* Reachability */ = {
			isa = PBXGroup;
			children = (
				18A3BBA516178DCD003D9320 /* Reachability.h */,
				18A3BBA616178DCD003D9320 /* Reachability.m */,
			);
			path = Reachability;
			sourceTree = "<group>";
		};
		19C28FACFE9D520D11CA2CBB /* Products */ = {
			isa = PBXGroup;
			children = (
				1D6058910D05DD3D006BFB54 /* MobileOrg.app */,
				747BF9971DFD719400E800FB /* MobileOrgTests.xctest */,
			);
			name = Products;
			sourceTree = "<group>";
		};
		29B97314FDCFA39411CA2CEA /* CustomTemplate */ = {
			isa = PBXGroup;
			children = (
				83BCC85D203E92C700064F22 /* MobileOrg.entitlements */,
				749CCE3C1E05A8A600DE4648 /* Default-568h@2x.png */,
				74F666231E03D7FA00F1864C /* Foundation+Extension */,
				747BF98B1DFD5CF500E800FB /* Configuration */,
				79BA55581073A6F800D67917 /* Classes */,
				29B97315FDCFA39411CA2CEA /* Other Sources */,
				29B97317FDCFA39411CA2CEA /* Resources */,
				7936F928120DDF3E0062CF0E /* Resources-iPad */,
				747BF9981DFD719400E800FB /* MobileOrgTests */,
				29B97323FDCFA39411CA2CEA /* Frameworks */,
				19C28FACFE9D520D11CA2CBB /* Products */,
				CC470B9380ADEC11A31E3DE2 /* Pods */,
			);
			name = CustomTemplate;
			sourceTree = "<group>";
		};
		29B97315FDCFA39411CA2CEA /* Other Sources */ = {
			isa = PBXGroup;
			children = (
				746102FB1DFF0EDA00C8E34F /* MobileOrg-Bridging-Header.h */,
				32CA4F630368D1EE00C91783 /* MobileOrg_Prefix.pch */,
				29B97316FDCFA39411CA2CEA /* main.m */,
			);
			name = "Other Sources";
			sourceTree = "<group>";
		};
		29B97317FDCFA39411CA2CEA /* Resources */ = {
			isa = PBXGroup;
			children = (
				745B1E2E1EC98C9B00D80421 /* MobileOrg2.xcdatamodeld */,
				743C12F31DFED37F0051EC6F /* Images.xcassets */,
				79BA55671073A7DF00D67917 /* Css */,
				79BA55681073A7DF00D67917 /* Images */,
				79BA55691073A7DF00D67917 /* Javascript */,
				7936FA90120DF4280062CF0E /* Entitlements.plist */,
				743C12F51DFED5950051EC6F /* Launch Screen.storyboard */,
				28AD733E0D9D9553002E5188 /* MainWindow.xib */,
				8D1107310486CEB800E47090 /* MobileOrg-Info.plist */,
				799774AA122C69260006EFC6 /* MobileOrg-Info-AdHoc.plist */,
				799774AB122C69260006EFC6 /* MobileOrg-Info-Debug.plist */,
			);
			name = Resources;
			sourceTree = "<group>";
		};
		29B97323FDCFA39411CA2CEA /* Frameworks */ = {
			isa = PBXGroup;
			children = (
				83B1312B234AD16D0043D955 /* CloudKit.framework */,
				747BF9801DFCBC3F00E800FB /* libicucore.tbd */,
				18A3BBA216178BDD003D9320 /* QuartzCore.framework */,
				7945F61111A807FD00731598 /* Security.framework */,
				793F7F6B107CB5FC00674D0A /* SystemConfiguration.framework */,
				1DF5F4DF0D08C38300B7A737 /* UIKit.framework */,
				1D30AB110D05D00D00671497 /* Foundation.framework */,
				288765A40DF7441C002DB57D /* CoreGraphics.framework */,
				28D801B30F44B63D00FB423F /* CoreData.framework */,
				DA0A3BD3D41BA77D0F500F29 /* Pods_MobileOrg.framework */,
			);
			name = Frameworks;
			sourceTree = "<group>";
		};
		5420E7C7234D15C80008ADAC /* iCloud */ = {
			isa = PBXGroup;
			children = (
				5420E7C8234D15F20008ADAC /* CloudTransferManager.swift */,
			);
			name = iCloud;
			sourceTree = "<group>";
		};
		5420E7CE234FC7590008ADAC /* Sync */ = {
			isa = PBXGroup;
			children = (
				5420E7CF234FC75E0008ADAC /* iCloud */,
			);
			path = Sync;
			sourceTree = "<group>";
		};
		5420E7CF234FC75E0008ADAC /* iCloud */ = {
			isa = PBXGroup;
			children = (
				5420E7D0234FC7AA0008ADAC /* CloudTransferManagerTests.swift */,
			);
			path = iCloud;
			sourceTree = "<group>";
		};
		54E9BA9F23523ED6008419C4 /* Cells */ = {
			isa = PBXGroup;
			children = (
				54E9BAAA2353504A008419C4 /* OutlineCell.swift */,
			);
			path = Cells;
			sourceTree = "<group>";
		};
		747BF98B1DFD5CF500E800FB /* Configuration */ = {
			isa = PBXGroup;
			children = (
				747BF9881DFD5CD900E800FB /* AppKey.plist */,
			);
			name = Configuration;
			sourceTree = "<group>";
		};
		747BF9981DFD719400E800FB /* MobileOrgTests */ = {
			isa = PBXGroup;
			children = (
				5420E7CE234FC7590008ADAC /* Sync */,
				749CCE7D1E08557800DE4648 /* Resources */,
				747BF9A21DFD738E00E800FB /* NodeTests.m */,
				747BF99B1DFD719400E800FB /* Info.plist */,
				746102FF1DFF15F300C8E34F /* MobileOrgTests-Bridging-Header.h */,
				7476CA9E1E01C749007EAE6F /* String+RegexTests.swift */,
				749CCE7B1E084F6A00DE4648 /* OrgfileParserTests.swift */,
				7419FA531E20DAC900F0EA45 /* SettingsTest.swift */,
				744787DF1EB265A700631BA2 /* WebDavTests.swift */,
			);
			path = MobileOrgTests;
			sourceTree = "<group>";
		};
		749CCE7D1E08557800DE4648 /* Resources */ = {
			isa = PBXGroup;
			children = (
				749CCE801E09201400DE4648 /* defaultTodoWords.org */,
				744EF03F1E4666B200DB1E81 /* MobileOrgTestingSample.org */,
				749CCE841E0AE23900DE4648 /* TodoList.org */,
				749CCE861E0AE96300DE4648 /* index.org */,
				749CCE7E1E08557800DE4648 /* headingskip.org */,
			);
			path = Resources;
			sourceTree = "<group>";
		};
		74F666231E03D7FA00F1864C /* Foundation+Extension */ = {
			isa = PBXGroup;
			children = (
				746102FC1DFF0EDB00C8E34F /* String+RegexSplitter.swift */,
			);
			name = "Foundation+Extension";
			sourceTree = "<group>";
		};
		7936F928120DDF3E0062CF0E /* Resources-iPad */ = {
			isa = PBXGroup;
			children = (
				7936F929120DDF3F0062CF0E /* MainWindow-iPad.xib */,
			);
			name = "Resources-iPad";
			sourceTree = "<group>";
		};
		7945F59B11A8060B00731598 /* Dropbox */ = {
			isa = PBXGroup;
			children = (
				744408DD1E035A1800BCE192 /* DropboxTransferManager.swift */,
			);
			name = Dropbox;
			sourceTree = "<group>";
		};
		7945F59E11A8064800731598 /* WebDav */ = {
			isa = PBXGroup;
			children = (
				7945F59F11A8066200731598 /* WebDavTransferManager.h */,
				7945F5A011A8066200731598 /* WebDavTransferManager.m */,
				7436ED721E41C05200BBD704 /* WebDavTransferManager.swift */,
			);
			name = WebDav;
			sourceTree = "<group>";
		};
		7982F3441073EE3600AEA6BC /* DataModel */ = {
			isa = PBXGroup;
			children = (
				7982F35E1073F2FA00AEA6BC /* FileChecksum.h */,
				7982F35F1073F2FA00AEA6BC /* FileChecksum.m */,
				7982F3601073F2FA00AEA6BC /* LocalEditAction.h */,
				7982F3611073F2FA00AEA6BC /* LocalEditAction.m */,
				7982F35A1073F2FA00AEA6BC /* Node.h */,
				7982F35B1073F2FA00AEA6BC /* Node.m */,
				7982F35C1073F2FA00AEA6BC /* Note.h */,
				7982F35D1073F2FA00AEA6BC /* Note.m */,
			);
			path = DataModel;
			sourceTree = "<group>";
		};
		79BA55581073A6F800D67917 /* Classes */ = {
			isa = PBXGroup;
			children = (
				79CB19311074384800A7E065 /* ThirdParty */,
				79BA55591073A6F800D67917 /* Capture */,
				7982F3441073EE3600AEA6BC /* DataModel */,
				79BA555A1073A6F800D67917 /* MobileOrgAppDelegate.h */,
				79BA555B1073A6F800D67917 /* MobileOrgAppDelegate.m */,
				79BA555C1073A6F800D67917 /* Outline */,
				79BA555D1073A6F800D67917 /* Parsing */,
				79BA555E1073A6F800D67917 /* Search */,
				79BA555F1073A6F800D67917 /* Settings */,
				79CB18BB10742C5900A7E065 /* Status */,
				79BA55601073A6F800D67917 /* Sync */,
				79BA55611073A6F800D67917 /* Utilities */,
				744787E11EB3198D00631BA2 /* PersistenceStack.swift */,
			);
			path = Classes;
			sourceTree = "<group>";
		};
		79BA55591073A6F800D67917 /* Capture */ = {
			isa = PBXGroup;
			children = (
				7998B386107BAA7D0000ED49 /* NewNoteController.h */,
				7998B387107BAA7D0000ED49 /* NewNoteController.m */,
				7998B2D4107B6F820000ED49 /* NoteListController.h */,
				7998B2D5107B6F820000ED49 /* NoteListController.m */,
			);
			path = Capture;
			sourceTree = "<group>";
		};
		79BA555C1073A6F800D67917 /* Outline */ = {
			isa = PBXGroup;
			children = (
				54E9BA9F23523ED6008419C4 /* Cells */,
				790B413D10814D8400A852F1 /* ActionMenuController.h */,
				790B413E10814D8400A852F1 /* ActionMenuController.m */,
				79CB1F0F10758EA200A7E065 /* DetailsViewController.h */,
				79CB1F1010758EA200A7E065 /* DetailsViewController.m */,
				793F7EE3107C362E00674D0A /* DocumentViewController.h */,
				793F7EE4107C362E00674D0A /* DocumentViewController.m */,
				79CB20B310762CC000A7E065 /* NodeTextEditController.h */,
				79CB20B410762CC000A7E065 /* NodeTextEditController.m */,
				790B417C10814FAC00A852F1 /* OutlineTableView.h */,
				790B417D10814FAC00A852F1 /* OutlineTableView.m */,
				7982F3681073F33500AEA6BC /* OutlineViewController.h */,
				7982F3691073F33500AEA6BC /* OutlineViewController.m */,
				7998AC111079180F0000ED49 /* TagEditController.h */,
				7998AC121079180F0000ED49 /* TagEditController.m */,
				7998B00210797EBE0000ED49 /* TodoStateEditController.h */,
				7998B00310797EBE0000ED49 /* TodoStateEditController.m */,
				790B455410826A0900A852F1 /* PriorityEditController.h */,
				790B455510826A0900A852F1 /* PriorityEditController.m */,
			);
			path = Outline;
			sourceTree = "<group>";
		};
		79BA555D1073A6F800D67917 /* Parsing */ = {
			isa = PBXGroup;
			children = (
				79CB19D01074423C00A7E065 /* ChecksumFileParser.h */,
				79CB19D11074423C00A7E065 /* ChecksumFileParser.m */,
				79CB19D31074424300A7E065 /* OrgFileParser.h */,
				79CB19D41074424300A7E065 /* OrgFileParser.m */,
				791653A61078109B00695E4C /* EditsFileParser.h */,
				791653A71078109B00695E4C /* EditsFileParser.m */,
				791653C0107814C500695E4C /* EditEntity.h */,
				791653C1107814C500695E4C /* EditEntity.m */,
			);
			path = Parsing;
			sourceTree = "<group>";
		};
		79BA555E1073A6F800D67917 /* Search */ = {
			isa = PBXGroup;
			children = (
				793F7D8B107C1E6000674D0A /* SearchController.h */,
				793F7D8C107C1E6000674D0A /* SearchController.m */,
			);
			path = Search;
			sourceTree = "<group>";
		};
		79BA555F1073A6F800D67917 /* Settings */ = {
			isa = PBXGroup;
			children = (
				6CB501EC1E20C3D70082FD40 /* Settings.storyboard */,
				6CB501ED1E20C3D70082FD40 /* SettingsController.swift */,
				6CB501EE1E20C3D70082FD40 /* SyncSettingsController.swift */,
				6CB501EF1E20C3D70082FD40 /* TextInputCell.swift */,
				79CB183C1074279C00A7E065 /* Settings.h */,
				79CB183D1074279C00A7E065 /* Settings.m */,
				793F811D107D381A00674D0A /* SessionManager.h */,
				793F811E107D381A00674D0A /* SessionManager.m */,
				793F8126107D38C900674D0A /* OutlineState.h */,
				793F8127107D38C900674D0A /* OutlineState.m */,
			);
			path = Settings;
			sourceTree = "<group>";
		};
		79BA55601073A6F800D67917 /* Sync */ = {
			isa = PBXGroup;
			children = (
				7945F59B11A8060B00731598 /* Dropbox */,
				5420E7C7234D15C80008ADAC /* iCloud */,
				7945F59E11A8064800731598 /* WebDav */,
				79CB17F7107420E300A7E065 /* SyncManager.h */,
				79CB17F8107420E300A7E065 /* SyncManager.m */,
				79CB181F107425EF00A7E065 /* TransferContext.h */,
				79CB1820107425EF00A7E065 /* TransferContext.m */,
				79CB1822107425F500A7E065 /* TransferManager.h */,
				79CB1823107425F500A7E065 /* TransferManager.m */,
				79CB1825107425FC00A7E065 /* TransferManagerDelegate.h */,
			);
			path = Sync;
			sourceTree = "<group>";
		};
		79BA55611073A6F800D67917 /* Utilities */ = {
			isa = PBXGroup;
			children = (
				54CD6302234BC9A200D485E1 /* RoundedLabel.swift */,
				7982F37B1073F6B700AEA6BC /* GlobalUtils.h */,
				7982F37C1073F6B700AEA6BC /* GlobalUtils.m */,
				7982F3B81073FBF800AEA6BC /* DataUtils.h */,
				7982F3B91073FBF800AEA6BC /* DataUtils.m */,
				79CB18C510742DB900A7E065 /* StatusUtils.h */,
				79CB18C610742DB900A7E065 /* StatusUtils.m */,
				79CB1F1E1075900F00A7E065 /* TableUtils.h */,
				79CB1F1F1075900F00A7E065 /* TableUtils.m */,
				54CD6300234BC02D00D485E1 /* UIColor+MobileOrg.swift */,
				5420E7CC234FB4150008ADAC /* UIAlertController+MobileOrg.swift */,
				54E9BAA823531E12008419C4 /* String+Attributes.swift */,
			);
			path = Utilities;
			sourceTree = "<group>";
		};
		79BA55671073A7DF00D67917 /* Css */ = {
			isa = PBXGroup;
			children = (
				793F7F09107C385200674D0A /* DocumentView.css */,
			);
			name = Css;
			path = Resources/Css;
			sourceTree = "<group>";
		};
		79BA55681073A7DF00D67917 /* Images */ = {
			isa = PBXGroup;
			children = (
				79F87A9810854FEA00A54CA9 /* cant-sync-offline.png */,
				8322ED6B176AE93C008B37C7 /* cant-sync-offline@2x.png */,
				79F87A9910854FEA00A54CA9 /* please-configure.png */,
				8322ED6D176AE94A008B37C7 /* please-configure@2x.png */,
				79F879B8108544A100A54CA9 /* press-sync.png */,
				8322ED69176AB305008B37C7 /* press-sync@2x.png */,
				7998B05B1079847C0000ED49 /* back.png */,
				8322ED6F176AEF2C008B37C7 /* back@2x.png */,
				7998B05C1079847C0000ED49 /* capture.png */,
				8322ED81176AF1BD008B37C7 /* capture@2x.png */,
				7998B05D1079847C0000ED49 /* children.png */,
				8322ED71176AEF55008B37C7 /* children@2x.png */,
				7998B05E1079847C0000ED49 /* down.png */,
				8322ED72176AEF56008B37C7 /* down@2x.png */,
				7998B05F1079847C0000ED49 /* flag.png */,
				8322ED73176AEF57008B37C7 /* flag@2x.png */,
				7998B0601079847C0000ED49 /* flagged.png */,
				8322ED74176AEF59008B37C7 /* flagged@2x.png */,
				7998B0611079847C0000ED49 /* forward.png */,
				8322ED75176AEF5A008B37C7 /* forward@2x.png */,
				7998B0621079847C0000ED49 /* home.png */,
				8322ED76176AEF5C008B37C7 /* home@2x.png */,
				7998B0631079847C0000ED49 /* inbox.png */,
				8322ED82176AF1BF008B37C7 /* inbox@2x.png */,
				7998B0641079847C0000ED49 /* noflag.png */,
				7998B0651079847C0000ED49 /* note_entry.png */,
				8322ED77176AEF5D008B37C7 /* note_entry@2x.png */,
				7998B0661079847C0000ED49 /* outline.png */,
				8322ED83176AF1C1008B37C7 /* outline@2x.png */,
				7998B0671079847C0000ED49 /* search.png */,
				8322ED84176AF1C2008B37C7 /* search@2x.png */,
				7998B0681079847C0000ED49 /* settings.png */,
				8322ED85176AF1C4008B37C7 /* settings@2x.png */,
				7998B0691079847C0000ED49 /* table_gray.png */,
				8322ED86176AF1C6008B37C7 /* table_gray@2x.png */,
				7998B06A1079847C0000ED49 /* up.png */,
				8322ED78176AEF5E008B37C7 /* up@2x.png */,
				7998AE2310794DBF0000ED49 /* AlertTextField.png */,
			);
			name = Images;
			path = Resources/Images;
			sourceTree = "<group>";
		};
		79BA55691073A7DF00D67917 /* Javascript */ = {
			isa = PBXGroup;
			children = (
				793F7F0B107C385900674D0A /* DocumentView.js */,
			);
			name = Javascript;
			path = Resources/Javascript;
			sourceTree = "<group>";
		};
		79CB18BB10742C5900A7E065 /* Status */ = {
			isa = PBXGroup;
			children = (
				79CB18BC10742C7100A7E065 /* StatusViewController.h */,
				79CB18BD10742C7100A7E065 /* StatusViewController.m */,
			);
			path = Status;
			sourceTree = "<group>";
		};
		79CB19311074384800A7E065 /* ThirdParty */ = {
			isa = PBXGroup;
			children = (
				18A3BBA416178DCD003D9320 /* Reachability */,
			);
			path = ThirdParty;
			sourceTree = "<group>";
		};
		CC470B9380ADEC11A31E3DE2 /* Pods */ = {
			isa = PBXGroup;
			children = (
				8B262305779E2631EE21FE20 /* Pods-MobileOrg.debug.xcconfig */,
				8202E5BD58AEDFCB8A890758 /* Pods-MobileOrg.adhoc.xcconfig */,
				6561B399A841A3A5958A5889 /* Pods-MobileOrg.appstore.xcconfig */,
			);
			name = Pods;
			sourceTree = "<group>";
		};
/* End PBXGroup section */

/* Begin PBXNativeTarget section */
		1D6058900D05DD3D006BFB54 /* MobileOrg */ = {
			isa = PBXNativeTarget;
			buildConfigurationList = 1D6058960D05DD3E006BFB54 /* Build configuration list for PBXNativeTarget "MobileOrg" */;
			buildPhases = (
				3A00323B994F9BD13A52A837 /* [CP] Check Pods Manifest.lock */,
				1D60588D0D05DD3D006BFB54 /* Resources */,
				743C12F21DFEC9A80051EC6F /* Run Script */,
				83E77D421E2727790049AB02 /* ShellScript */,
				1D60588E0D05DD3D006BFB54 /* Sources */,
				1D60588F0D05DD3D006BFB54 /* Frameworks */,
				2F55B0EE1CCB83973FFF76A4 /* [CP] Embed Pods Frameworks */,
			);
			buildRules = (
			);
			dependencies = (
			);
			name = MobileOrg;
			productName = MobileOrg;
			productReference = 1D6058910D05DD3D006BFB54 /* MobileOrg.app */;
			productType = "com.apple.product-type.application";
		};
		747BF9961DFD719400E800FB /* MobileOrgTests */ = {
			isa = PBXNativeTarget;
			buildConfigurationList = 747BF9A11DFD719400E800FB /* Build configuration list for PBXNativeTarget "MobileOrgTests" */;
			buildPhases = (
				747BF9931DFD719400E800FB /* Sources */,
				747BF9941DFD719400E800FB /* Frameworks */,
				747BF9951DFD719400E800FB /* Resources */,
			);
			buildRules = (
			);
			dependencies = (
				747BF99D1DFD719400E800FB /* PBXTargetDependency */,
			);
			name = MobileOrgTests;
			productName = MobileOrgTests;
			productReference = 747BF9971DFD719400E800FB /* MobileOrgTests.xctest */;
			productType = "com.apple.product-type.bundle.unit-test";
		};
/* End PBXNativeTarget section */

/* Begin PBXProject section */
		29B97313FDCFA39411CA2CEA /* Project object */ = {
			isa = PBXProject;
			attributes = {
				LastUpgradeCheck = 1100;
				ORGANIZATIONNAME = "Sean Escriva";
				TargetAttributes = {
					1D6058900D05DD3D006BFB54 = {
						LastSwiftMigration = 1100;
						SystemCapabilities = {
							com.apple.Push = {
								enabled = 1;
							};
							com.apple.iCloud = {
								enabled = 1;
							};
						};
					};
					747BF9961DFD719400E800FB = {
						CreatedOnToolsVersion = 8.1;
						LastSwiftMigration = 1100;
						ProvisioningStyle = Automatic;
						TestTargetID = 1D6058900D05DD3D006BFB54;
					};
				};
			};
			buildConfigurationList = C01FCF4E08A954540054247B /* Build configuration list for PBXProject "MobileOrg" */;
			compatibilityVersion = "Xcode 8.0";
			developmentRegion = English;
			hasScannedForEncodings = 1;
			knownRegions = (
				English,
				Japanese,
				French,
				German,
			);
			mainGroup = 29B97314FDCFA39411CA2CEA /* CustomTemplate */;
			productRefGroup = 19C28FACFE9D520D11CA2CBB /* Products */;
			projectDirPath = "";
			projectRoot = "";
			targets = (
				1D6058900D05DD3D006BFB54 /* MobileOrg */,
				747BF9961DFD719400E800FB /* MobileOrgTests */,
			);
		};
/* End PBXProject section */

/* Begin PBXResourcesBuildPhase section */
		1D60588D0D05DD3D006BFB54 /* Resources */ = {
			isa = PBXResourcesBuildPhase;
			buildActionMask = 2147483647;
			files = (
				28AD733F0D9D9553002E5188 /* MainWindow.xib in Resources */,
				7998AE2410794DBF0000ED49 /* AlertTextField.png in Resources */,
				7998B06B1079847C0000ED49 /* back.png in Resources */,
				7998B06C1079847C0000ED49 /* capture.png in Resources */,
				743C12F61DFED5950051EC6F /* Launch Screen.storyboard in Resources */,
				7998B06D1079847C0000ED49 /* children.png in Resources */,
				7998B06E1079847C0000ED49 /* down.png in Resources */,
				7998B06F1079847C0000ED49 /* flag.png in Resources */,
				7998B0701079847C0000ED49 /* flagged.png in Resources */,
				7998B0711079847C0000ED49 /* forward.png in Resources */,
				7998B0721079847C0000ED49 /* home.png in Resources */,
				7998B0731079847C0000ED49 /* inbox.png in Resources */,
				7998B0741079847C0000ED49 /* noflag.png in Resources */,
				7998B0751079847C0000ED49 /* note_entry.png in Resources */,
				743C12F41DFED37F0051EC6F /* Images.xcassets in Resources */,
				7998B0761079847C0000ED49 /* outline.png in Resources */,
				747BF98A1DFD5CD900E800FB /* AppKey.plist in Resources */,
				7998B0771079847C0000ED49 /* search.png in Resources */,
				7998B0781079847C0000ED49 /* settings.png in Resources */,
				7998B0791079847C0000ED49 /* table_gray.png in Resources */,
				7998B07A1079847C0000ED49 /* up.png in Resources */,
				793F7F0A107C385200674D0A /* DocumentView.css in Resources */,
				796A6A911083E67400D0DB25 /* DocumentView.js in Resources */,
				79F879B9108544A100A54CA9 /* press-sync.png in Resources */,
				79F87A9A10854FEA00A54CA9 /* cant-sync-offline.png in Resources */,
				79F87A9B10854FEA00A54CA9 /* please-configure.png in Resources */,
				7936F92A120DDF3F0062CF0E /* MainWindow-iPad.xib in Resources */,
				6CB501F01E20C3D70082FD40 /* Settings.storyboard in Resources */,
				7936FA91120DF4280062CF0E /* Entitlements.plist in Resources */,
				8322ED6A176AB305008B37C7 /* press-sync@2x.png in Resources */,
				8322ED6C176AE93E008B37C7 /* cant-sync-offline@2x.png in Resources */,
				8322ED6E176AE94B008B37C7 /* please-configure@2x.png in Resources */,
				8322ED70176AEF2D008B37C7 /* back@2x.png in Resources */,
				8322ED79176AEF62008B37C7 /* children@2x.png in Resources */,
				8322ED7A176AEF62008B37C7 /* down@2x.png in Resources */,
				8322ED7B176AEF62008B37C7 /* flag@2x.png in Resources */,
				8322ED7C176AEF62008B37C7 /* flagged@2x.png in Resources */,
				8322ED7D176AEF62008B37C7 /* forward@2x.png in Resources */,
				8322ED7E176AEF62008B37C7 /* home@2x.png in Resources */,
				8322ED7F176AEF62008B37C7 /* note_entry@2x.png in Resources */,
				8322ED80176AEF62008B37C7 /* up@2x.png in Resources */,
				8322ED87176AF1C7008B37C7 /* capture@2x.png in Resources */,
				8322ED88176AF1C7008B37C7 /* inbox@2x.png in Resources */,
				749CCE3D1E05A8A600DE4648 /* Default-568h@2x.png in Resources */,
				8322ED89176AF1C7008B37C7 /* outline@2x.png in Resources */,
				8322ED8A176AF1C7008B37C7 /* search@2x.png in Resources */,
				8322ED8B176AF1C7008B37C7 /* settings@2x.png in Resources */,
				8322ED8C176AF1C7008B37C7 /* table_gray@2x.png in Resources */,
			);
			runOnlyForDeploymentPostprocessing = 0;
		};
		747BF9951DFD719400E800FB /* Resources */ = {
			isa = PBXResourcesBuildPhase;
			buildActionMask = 2147483647;
			files = (
				749CCE811E09201400DE4648 /* defaultTodoWords.org in Resources */,
				744EF0401E4666B200DB1E81 /* MobileOrgTestingSample.org in Resources */,
				749CCE851E0AE23900DE4648 /* TodoList.org in Resources */,
				749CCE7F1E08557800DE4648 /* headingskip.org in Resources */,
				749CCE871E0AE96300DE4648 /* index.org in Resources */,
			);
			runOnlyForDeploymentPostprocessing = 0;
		};
/* End PBXResourcesBuildPhase section */

/* Begin PBXShellScriptBuildPhase section */
		2F55B0EE1CCB83973FFF76A4 /* [CP] Embed Pods Frameworks */ = {
			isa = PBXShellScriptBuildPhase;
			buildActionMask = 2147483647;
			files = (
			);
			inputPaths = (
				"${PODS_ROOT}/Target Support Files/Pods-MobileOrg/Pods-MobileOrg-frameworks.sh",
				"${BUILT_PRODUCTS_DIR}/Alamofire/Alamofire.framework",
				"${BUILT_PRODUCTS_DIR}/SwiftyDropbox/SwiftyDropbox.framework",
			);
			name = "[CP] Embed Pods Frameworks";
			outputPaths = (
				"${TARGET_BUILD_DIR}/${FRAMEWORKS_FOLDER_PATH}/Alamofire.framework",
				"${TARGET_BUILD_DIR}/${FRAMEWORKS_FOLDER_PATH}/SwiftyDropbox.framework",
			);
			runOnlyForDeploymentPostprocessing = 0;
			shellPath = /bin/sh;
			shellScript = "\"${PODS_ROOT}/Target Support Files/Pods-MobileOrg/Pods-MobileOrg-frameworks.sh\"\n";
			showEnvVarsInLog = 0;
		};
		3A00323B994F9BD13A52A837 /* [CP] Check Pods Manifest.lock */ = {
			isa = PBXShellScriptBuildPhase;
			buildActionMask = 2147483647;
			files = (
			);
			inputPaths = (
				"${PODS_PODFILE_DIR_PATH}/Podfile.lock",
				"${PODS_ROOT}/Manifest.lock",
			);
			name = "[CP] Check Pods Manifest.lock";
			outputPaths = (
				"$(DERIVED_FILE_DIR)/Pods-MobileOrg-checkManifestLockResult.txt",
			);
			runOnlyForDeploymentPostprocessing = 0;
			shellPath = /bin/sh;
			shellScript = "diff \"${PODS_PODFILE_DIR_PATH}/Podfile.lock\" \"${PODS_ROOT}/Manifest.lock\" > /dev/null\nif [ $? != 0 ] ; then\n    # print error to STDERR\n    echo \"error: The sandbox is not in sync with the Podfile.lock. Run 'pod install' or update your CocoaPods installation.\" >&2\n    exit 1\nfi\n# This output is used by Xcode 'outputs' to avoid re-running this script phase.\necho \"SUCCESS\" > \"${SCRIPT_OUTPUT_FILE_0}\"\n";
			showEnvVarsInLog = 0;
		};
		743C12F21DFEC9A80051EC6F /* Run Script */ = {
			isa = PBXShellScriptBuildPhase;
			buildActionMask = 2147483647;
			files = (
			);
			inputPaths = (
			);
			name = "Run Script";
			outputPaths = (
			);
			runOnlyForDeploymentPostprocessing = 0;
			shellPath = /bin/sh;
			shellScript = "pbuddy=/usr/libexec/PlistBuddy\nAPIKEY=`/usr/libexec/PlistBuddy -c 'print :Dropbox\\ API\\ Key:AppKey' Configuration/AppKey.plist`\nAPISECRET=`/usr/libexec/PlistBuddy -c 'print :Dropbox\\ API\\ Key:AppSecret' Configuration/AppKey.plist`\n$pbuddy -c \"set :CFBundleURLTypes:0:CFBundleURLSchemes:0 db-${APIKEY}\" \"${TARGET_BUILD_DIR}/${INFOPLIST_PATH}\"";
		};
		83E77D421E2727790049AB02 /* ShellScript */ = {
			isa = PBXShellScriptBuildPhase;
			buildActionMask = 2147483647;
			files = (
			);
			inputPaths = (
			);
			outputPaths = (
			);
			runOnlyForDeploymentPostprocessing = 0;
			shellPath = /bin/sh;
			shellScript = "git=`sh /etc/profile; which git`\nappBuild=`\"$git\" rev-list HEAD --count`\nif [ $CONFIGURATION = \"Debug\" ]; then\nbranchName=`\"$git\" rev-parse --abbrev-ref HEAD`\n/usr/libexec/PlistBuddy -c \"Set :CFBundleVersion $appBuild-$branchName\" \"${TARGET_BUILD_DIR}/${INFOPLIST_PATH}\"\n/usr/libexec/PlistBuddy -c \"Set :CFBundleVersion $appBuild-$branchName\" \"${BUILT_PRODUCTS_DIR}/${WRAPPER_NAME}.dSYM/Contents/Info.plist\"\nelse\n/usr/libexec/PlistBuddy -c \"Set :CFBundleVersion $appBuild\" \"${TARGET_BUILD_DIR}/${INFOPLIST_PATH}\"\n/usr/libexec/PlistBuddy -c \"Set :CFBundleVersion $appBuild\" \"${BUILT_PRODUCTS_DIR}/${WRAPPER_NAME}.dSYM/Contents/Info.plist\"\nfi\necho \"Incremented the build number ${TARGET_BUILD_DIR}/${INFOPLIST_PATH}\"";
		};
/* End PBXShellScriptBuildPhase section */

/* Begin PBXSourcesBuildPhase section */
		1D60588E0D05DD3D006BFB54 /* Sources */ = {
			isa = PBXSourcesBuildPhase;
			buildActionMask = 2147483647;
			files = (
				1D60589B0D05DD56006BFB54 /* main.m in Sources */,
				79BA55621073A6F800D67917 /* MobileOrgAppDelegate.m in Sources */,
				7982F3621073F2FA00AEA6BC /* Node.m in Sources */,
				7982F3631073F2FA00AEA6BC /* Note.m in Sources */,
				744408DE1E035A1800BCE192 /* DropboxTransferManager.swift in Sources */,
				7982F3641073F2FA00AEA6BC /* FileChecksum.m in Sources */,
				7982F3651073F2FA00AEA6BC /* LocalEditAction.m in Sources */,
				7982F36A1073F33500AEA6BC /* OutlineViewController.m in Sources */,
				7982F37D1073F6B700AEA6BC /* GlobalUtils.m in Sources */,
				7982F3BA1073FBF800AEA6BC /* DataUtils.m in Sources */,
				79CB17F9107420E300A7E065 /* SyncManager.m in Sources */,
				54CD6303234BC9A200D485E1 /* RoundedLabel.swift in Sources */,
				79CB1821107425EF00A7E065 /* TransferContext.m in Sources */,
				79CB1824107425F500A7E065 /* TransferManager.m in Sources */,
				79CB183E1074279C00A7E065 /* Settings.m in Sources */,
				7436ED731E41C05200BBD704 /* WebDavTransferManager.swift in Sources */,
				79CB18BE10742C7100A7E065 /* StatusViewController.m in Sources */,
				6CB501F11E20C3D70082FD40 /* SettingsController.swift in Sources */,
				79CB18C710742DB900A7E065 /* StatusUtils.m in Sources */,
				54CD6301234BC02D00D485E1 /* UIColor+MobileOrg.swift in Sources */,
				744787E21EB3198D00631BA2 /* PersistenceStack.swift in Sources */,
				79CB19D21074423C00A7E065 /* ChecksumFileParser.m in Sources */,
				79CB19D51074424300A7E065 /* OrgFileParser.m in Sources */,
				6CB501F21E20C3D70082FD40 /* SyncSettingsController.swift in Sources */,
				79CB1F1110758EA200A7E065 /* DetailsViewController.m in Sources */,
				79CB1F201075900F00A7E065 /* TableUtils.m in Sources */,
				79CB20B510762CC000A7E065 /* NodeTextEditController.m in Sources */,
				791653A81078109B00695E4C /* EditsFileParser.m in Sources */,
				54E9BAAB2353504A008419C4 /* OutlineCell.swift in Sources */,
				791653C2107814C500695E4C /* EditEntity.m in Sources */,
				7998AC131079180F0000ED49 /* TagEditController.m in Sources */,
				746103091E017E5700C8E34F /* String+RegexSplitter.swift in Sources */,
				7998B00410797EBE0000ED49 /* TodoStateEditController.m in Sources */,
				5420E7C9234D15F20008ADAC /* CloudTransferManager.swift in Sources */,
				7998B2D6107B6F820000ED49 /* NoteListController.m in Sources */,
				7998B388107BAA7D0000ED49 /* NewNoteController.m in Sources */,
				793F7D8D107C1E6000674D0A /* SearchController.m in Sources */,
				745B1E311EC98C9B00D80421 /* MobileOrg2.xcdatamodeld in Sources */,
				793F7EE5107C362E00674D0A /* DocumentViewController.m in Sources */,
				793F811F107D381A00674D0A /* SessionManager.m in Sources */,
				793F8128107D38C900674D0A /* OutlineState.m in Sources */,
				790B413F10814D8400A852F1 /* ActionMenuController.m in Sources */,
				790B417E10814FAC00A852F1 /* OutlineTableView.m in Sources */,
				54E9BAA923531E12008419C4 /* String+Attributes.swift in Sources */,
				790B455610826A0900A852F1 /* PriorityEditController.m in Sources */,
				5420E7CD234FB4150008ADAC /* UIAlertController+MobileOrg.swift in Sources */,
				18A3BBA716178DCD003D9320 /* Reachability.m in Sources */,
				6CB501F31E20C3D70082FD40 /* TextInputCell.swift in Sources */,
			);
			runOnlyForDeploymentPostprocessing = 0;
		};
		747BF9931DFD719400E800FB /* Sources */ = {
			isa = PBXSourcesBuildPhase;
			buildActionMask = 2147483647;
			files = (
				5420E7D1234FC7AA0008ADAC /* CloudTransferManagerTests.swift in Sources */,
				749CCE7C1E084F6A00DE4648 /* OrgfileParserTests.swift in Sources */,
				7476CA9F1E01C749007EAE6F /* String+RegexTests.swift in Sources */,
				7419FA541E20DACA00F0EA45 /* SettingsTest.swift in Sources */,
				747BF9A31DFD738E00E800FB /* NodeTests.m in Sources */,
				744787E01EB265A700631BA2 /* WebDavTests.swift in Sources */,
			);
			runOnlyForDeploymentPostprocessing = 0;
		};
/* End PBXSourcesBuildPhase section */

/* Begin PBXTargetDependency section */
		747BF99D1DFD719400E800FB /* PBXTargetDependency */ = {
			isa = PBXTargetDependency;
			target = 1D6058900D05DD3D006BFB54 /* MobileOrg */;
			targetProxy = 747BF99C1DFD719400E800FB /* PBXContainerItemProxy */;
		};
/* End PBXTargetDependency section */

/* Begin XCBuildConfiguration section */
		1D6058940D05DD3E006BFB54 /* Debug */ = {
			isa = XCBuildConfiguration;
			baseConfigurationReference = 8B262305779E2631EE21FE20 /* Pods-MobileOrg.debug.xcconfig */;
			buildSettings = {
				ALWAYS_SEARCH_USER_PATHS = NO;
				ASSETCATALOG_COMPILER_APPICON_NAME = "AppIcon${BUNDLE_ID_SUFFIX}";
				BUNDLE_ID_SUFFIX = .debug;
				CLANG_ENABLE_MODULES = YES;
				CLANG_ENABLE_OBJC_WEAK = YES;
				CODE_SIGN_ENTITLEMENTS = MobileOrg/MobileOrg.entitlements;
				COPY_PHASE_STRIP = NO;
				CURRENT_PROJECT_VERSION = 30;
				DEVELOPMENT_TEAM = 59B7VFRF7R;
				FRAMEWORK_SEARCH_PATHS = (
					"$(inherited)",
					"$(SRCROOT)",
					"$(PROJECT_DIR)",
				);
				GCC_DYNAMIC_NO_PIC = NO;
				GCC_OPTIMIZATION_LEVEL = 0;
				GCC_PRECOMPILE_PREFIX_HEADER = YES;
				GCC_PREFIX_HEADER = MobileOrg_Prefix.pch;
				GCC_PREPROCESSOR_DEFINITIONS = "$(inherited)";
				INFOPLIST_FILE = "MobileOrg-Info-Debug.plist";
				IPHONEOS_DEPLOYMENT_TARGET = 9.0;
				LD_RUNPATH_SEARCH_PATHS = "$(inherited) @executable_path/Frameworks";
				PRODUCT_BUNDLE_IDENTIFIER = "com.mobileorg.mobileorg-LocalDev";
				PRODUCT_NAME = MobileOrg;
				SDKROOT = iphoneos;
				SWIFT_OBJC_BRIDGING_HEADER = "MobileOrg-Bridging-Header.h";
				SWIFT_OPTIMIZATION_LEVEL = "-Onone";
				SWIFT_SWIFT3_OBJC_INFERENCE = Default;
				SWIFT_VERSION = 5.0;
				TARGETED_DEVICE_FAMILY = "1,2";
				VERSIONING_SYSTEM = "apple-generic";
			};
			name = Debug;
		};
		747BF99E1DFD719400E800FB /* Debug */ = {
			isa = XCBuildConfiguration;
			buildSettings = {
				ALWAYS_EMBED_SWIFT_STANDARD_LIBRARIES = "$(inherited)";
				ALWAYS_SEARCH_USER_PATHS = NO;
				BUNDLE_LOADER = "$(TEST_HOST)";
				CLANG_ANALYZER_NONNULL = YES;
				CLANG_CXX_LANGUAGE_STANDARD = "gnu++0x";
				CLANG_CXX_LIBRARY = "libc++";
				CLANG_ENABLE_MODULES = YES;
				CLANG_ENABLE_OBJC_ARC = YES;
				CLANG_WARN_DIRECT_OBJC_ISA_USAGE = YES_ERROR;
				CLANG_WARN_DOCUMENTATION_COMMENTS = YES;
				CLANG_WARN_OBJC_ROOT_CLASS = YES_ERROR;
				CLANG_WARN_SUSPICIOUS_MOVES = YES;
				COPY_PHASE_STRIP = NO;
				DEBUG_INFORMATION_FORMAT = dwarf;
				DEVELOPMENT_TEAM = 9VWR9JYXC6;
				GCC_C_LANGUAGE_STANDARD = gnu99;
				GCC_DYNAMIC_NO_PIC = NO;
				GCC_OPTIMIZATION_LEVEL = 0;
				GCC_PREPROCESSOR_DEFINITIONS = (
					"DEBUG=1",
					"$(inherited)",
				);
				GCC_WARN_ABOUT_RETURN_TYPE = YES_ERROR;
				GCC_WARN_UNINITIALIZED_AUTOS = YES_AGGRESSIVE;
				INFOPLIST_FILE = MobileOrgTests/Info.plist;
				IPHONEOS_DEPLOYMENT_TARGET = 10.1;
				LD_RUNPATH_SEARCH_PATHS = "$(inherited) @executable_path/Frameworks @loader_path/Frameworks";
				MTL_ENABLE_DEBUG_INFO = YES;
				PRODUCT_BUNDLE_IDENTIFIER = de.schnuddelhuddel.MobileOrgTests;
				PRODUCT_NAME = "$(TARGET_NAME)";
				SWIFT_OBJC_BRIDGING_HEADER = "MobileOrgTests/MobileOrgTests-Bridging-Header.h";
				SWIFT_OPTIMIZATION_LEVEL = "-Onone";
				SWIFT_SWIFT3_OBJC_INFERENCE = Default;
				SWIFT_VERSION = 5.0;
				TEST_HOST = "$(BUILT_PRODUCTS_DIR)/MobileOrg.app/MobileOrg";
			};
			name = Debug;
		};
		747BF99F1DFD719400E800FB /* AdHoc */ = {
			isa = XCBuildConfiguration;
			buildSettings = {
				ALWAYS_EMBED_SWIFT_STANDARD_LIBRARIES = "$(inherited)";
				ALWAYS_SEARCH_USER_PATHS = NO;
				BUNDLE_LOADER = "$(TEST_HOST)";
				CLANG_ANALYZER_NONNULL = YES;
				CLANG_CXX_LANGUAGE_STANDARD = "gnu++0x";
				CLANG_CXX_LIBRARY = "libc++";
				CLANG_ENABLE_MODULES = YES;
				CLANG_ENABLE_OBJC_ARC = YES;
				CLANG_WARN_BOOL_CONVERSION = YES;
				CLANG_WARN_CONSTANT_CONVERSION = YES;
				CLANG_WARN_DIRECT_OBJC_ISA_USAGE = YES_ERROR;
				CLANG_WARN_DOCUMENTATION_COMMENTS = YES;
				CLANG_WARN_EMPTY_BODY = YES;
				CLANG_WARN_ENUM_CONVERSION = YES;
				CLANG_WARN_INFINITE_RECURSION = YES;
				CLANG_WARN_INT_CONVERSION = YES;
				CLANG_WARN_OBJC_ROOT_CLASS = YES_ERROR;
				CLANG_WARN_SUSPICIOUS_MOVES = YES;
				CLANG_WARN_UNREACHABLE_CODE = YES;
				CLANG_WARN__DUPLICATE_METHOD_MATCH = YES;
				"CODE_SIGN_IDENTITY[sdk=iphoneos*]" = "iPhone Developer";
				COPY_PHASE_STRIP = NO;
				DEBUG_INFORMATION_FORMAT = "dwarf-with-dsym";
				DEVELOPMENT_TEAM = 9VWR9JYXC6;
				ENABLE_NS_ASSERTIONS = NO;
				ENABLE_STRICT_OBJC_MSGSEND = YES;
				GCC_C_LANGUAGE_STANDARD = gnu99;
				GCC_NO_COMMON_BLOCKS = YES;
				GCC_WARN_64_TO_32_BIT_CONVERSION = YES;
				GCC_WARN_ABOUT_RETURN_TYPE = YES_ERROR;
				GCC_WARN_UNDECLARED_SELECTOR = YES;
				GCC_WARN_UNINITIALIZED_AUTOS = YES_AGGRESSIVE;
				GCC_WARN_UNUSED_FUNCTION = YES;
				GCC_WARN_UNUSED_VARIABLE = YES;
				INFOPLIST_FILE = MobileOrgTests/Info.plist;
				IPHONEOS_DEPLOYMENT_TARGET = 10.1;
				LD_RUNPATH_SEARCH_PATHS = "$(inherited) @executable_path/Frameworks @loader_path/Frameworks";
				MTL_ENABLE_DEBUG_INFO = NO;
				PRODUCT_BUNDLE_IDENTIFIER = de.schnuddelhuddel.MobileOrgTests;
				PRODUCT_NAME = "$(TARGET_NAME)";
				SDKROOT = iphoneos;
				SWIFT_OBJC_BRIDGING_HEADER = "MobileOrgTests/MobileOrgTests-Bridging-Header.h";
				SWIFT_SWIFT3_OBJC_INFERENCE = Default;
				SWIFT_VERSION = 5.0;
				TEST_HOST = "$(BUILT_PRODUCTS_DIR)/MobileOrg.app/MobileOrg";
				VALIDATE_PRODUCT = YES;
			};
			name = AdHoc;
		};
		747BF9A01DFD719400E800FB /* AppStore */ = {
			isa = XCBuildConfiguration;
			buildSettings = {
				ALWAYS_EMBED_SWIFT_STANDARD_LIBRARIES = "$(inherited)";
				ALWAYS_SEARCH_USER_PATHS = NO;
				BUNDLE_LOADER = "$(TEST_HOST)";
				CLANG_ANALYZER_NONNULL = YES;
				CLANG_CXX_LANGUAGE_STANDARD = "gnu++0x";
				CLANG_CXX_LIBRARY = "libc++";
				CLANG_ENABLE_MODULES = YES;
				CLANG_ENABLE_OBJC_ARC = YES;
				CLANG_WARN_BOOL_CONVERSION = YES;
				CLANG_WARN_CONSTANT_CONVERSION = YES;
				CLANG_WARN_DIRECT_OBJC_ISA_USAGE = YES_ERROR;
				CLANG_WARN_DOCUMENTATION_COMMENTS = YES;
				CLANG_WARN_EMPTY_BODY = YES;
				CLANG_WARN_ENUM_CONVERSION = YES;
				CLANG_WARN_INFINITE_RECURSION = YES;
				CLANG_WARN_INT_CONVERSION = YES;
				CLANG_WARN_OBJC_ROOT_CLASS = YES_ERROR;
				CLANG_WARN_SUSPICIOUS_MOVES = YES;
				CLANG_WARN_UNREACHABLE_CODE = YES;
				CLANG_WARN__DUPLICATE_METHOD_MATCH = YES;
				"CODE_SIGN_IDENTITY[sdk=iphoneos*]" = "iPhone Developer";
				COPY_PHASE_STRIP = NO;
				DEBUG_INFORMATION_FORMAT = "dwarf-with-dsym";
				DEVELOPMENT_TEAM = 9VWR9JYXC6;
				ENABLE_NS_ASSERTIONS = NO;
				ENABLE_STRICT_OBJC_MSGSEND = YES;
				GCC_C_LANGUAGE_STANDARD = gnu99;
				GCC_NO_COMMON_BLOCKS = YES;
				GCC_WARN_64_TO_32_BIT_CONVERSION = YES;
				GCC_WARN_ABOUT_RETURN_TYPE = YES_ERROR;
				GCC_WARN_UNDECLARED_SELECTOR = YES;
				GCC_WARN_UNINITIALIZED_AUTOS = YES_AGGRESSIVE;
				GCC_WARN_UNUSED_FUNCTION = YES;
				GCC_WARN_UNUSED_VARIABLE = YES;
				INFOPLIST_FILE = MobileOrgTests/Info.plist;
				IPHONEOS_DEPLOYMENT_TARGET = 10.1;
				LD_RUNPATH_SEARCH_PATHS = "$(inherited) @executable_path/Frameworks @loader_path/Frameworks";
				MTL_ENABLE_DEBUG_INFO = NO;
				PRODUCT_BUNDLE_IDENTIFIER = de.schnuddelhuddel.MobileOrgTests;
				PRODUCT_NAME = "$(TARGET_NAME)";
				SDKROOT = iphoneos;
				SWIFT_OBJC_BRIDGING_HEADER = "MobileOrgTests/MobileOrgTests-Bridging-Header.h";
				SWIFT_SWIFT3_OBJC_INFERENCE = Default;
				SWIFT_VERSION = 5.0;
				TEST_HOST = "$(BUILT_PRODUCTS_DIR)/MobileOrg.app/MobileOrg";
				VALIDATE_PRODUCT = YES;
			};
			name = AppStore;
		};
		79BA556E1073A82500D67917 /* AdHoc */ = {
			isa = XCBuildConfiguration;
			buildSettings = {
				CLANG_ANALYZER_LOCALIZABILITY_NONLOCALIZED = YES;
				CLANG_WARN_BLOCK_CAPTURE_AUTORELEASING = YES;
				CLANG_WARN_BOOL_CONVERSION = YES;
				CLANG_WARN_COMMA = YES;
				CLANG_WARN_CONSTANT_CONVERSION = YES;
				CLANG_WARN_DEPRECATED_OBJC_IMPLEMENTATIONS = YES;
				CLANG_WARN_EMPTY_BODY = YES;
				CLANG_WARN_ENUM_CONVERSION = YES;
				CLANG_WARN_INFINITE_RECURSION = YES;
				CLANG_WARN_INT_CONVERSION = YES;
				CLANG_WARN_NON_LITERAL_NULL_CONVERSION = YES;
				CLANG_WARN_OBJC_IMPLICIT_RETAIN_SELF = YES;
				CLANG_WARN_OBJC_LITERAL_CONVERSION = YES;
				CLANG_WARN_RANGE_LOOP_ANALYSIS = YES;
				CLANG_WARN_STRICT_PROTOTYPES = YES;
				CLANG_WARN_SUSPICIOUS_MOVE = YES;
				CLANG_WARN_UNREACHABLE_CODE = YES;
				CLANG_WARN__DUPLICATE_METHOD_MATCH = YES;
				CODE_SIGN_IDENTITY = "iPhone Developer";
				"CODE_SIGN_IDENTITY[sdk=iphoneos*]" = "iPhone Developer";
				ENABLE_STRICT_OBJC_MSGSEND = YES;
				GCC_C_LANGUAGE_STANDARD = c99;
				GCC_INPUT_FILETYPE = sourcecode.c.objc;
				GCC_NO_COMMON_BLOCKS = YES;
				GCC_WARN_64_TO_32_BIT_CONVERSION = YES;
				GCC_WARN_ABOUT_RETURN_TYPE = YES;
				GCC_WARN_UNDECLARED_SELECTOR = YES;
				GCC_WARN_UNINITIALIZED_AUTOS = YES;
				GCC_WARN_UNUSED_FUNCTION = YES;
				GCC_WARN_UNUSED_VARIABLE = YES;
				IPHONEOS_DEPLOYMENT_TARGET = 10.1;
				ONLY_ACTIVE_ARCH = YES;
				"PROVISIONING_PROFILE[sdk=iphoneos*]" = "";
				SDKROOT = iphoneos;
			};
			name = AdHoc;
		};
		79BA556F1073A82500D67917 /* AdHoc */ = {
			isa = XCBuildConfiguration;
			baseConfigurationReference = 8202E5BD58AEDFCB8A890758 /* Pods-MobileOrg.adhoc.xcconfig */;
			buildSettings = {
				ALWAYS_SEARCH_USER_PATHS = NO;
				ASSETCATALOG_COMPILER_APPICON_NAME = "AppIcon${BUNDLE_ID_SUFFIX}";
				BUNDLE_ID_SUFFIX = .adhoc;
				CLANG_ENABLE_MODULES = YES;
				CLANG_ENABLE_OBJC_WEAK = YES;
				CODE_SIGN_ENTITLEMENTS = MobileOrg/MobileOrg.entitlements;
				COPY_PHASE_STRIP = YES;
				CURRENT_PROJECT_VERSION = 30;
				DEVELOPMENT_TEAM = 59B7VFRF7R;
				FRAMEWORK_SEARCH_PATHS = (
					"$(inherited)",
					"$(SRCROOT)",
					"$(PROJECT_DIR)",
				);
				GCC_PRECOMPILE_PREFIX_HEADER = YES;
				GCC_PREFIX_HEADER = MobileOrg_Prefix.pch;
				GCC_PREPROCESSOR_DEFINITIONS = "$(inherited)";
				INFOPLIST_FILE = "MobileOrg-Info-AdHoc.plist";
				IPHONEOS_DEPLOYMENT_TARGET = 9.0;
				LD_RUNPATH_SEARCH_PATHS = "$(inherited) @executable_path/Frameworks";
				PRODUCT_BUNDLE_IDENTIFIER = "com.mobileorg.mobileorg-LocalDev";
				PRODUCT_NAME = MobileOrg;
				SDKROOT = iphoneos;
				SWIFT_OBJC_BRIDGING_HEADER = "MobileOrg-Bridging-Header.h";
				SWIFT_SWIFT3_OBJC_INFERENCE = Default;
				SWIFT_VERSION = 5.0;
				TARGETED_DEVICE_FAMILY = "1,2";
				VERSIONING_SYSTEM = "apple-generic";
			};
			name = AdHoc;
		};
		79BA55701073A82C00D67917 /* AppStore */ = {
			isa = XCBuildConfiguration;
			buildSettings = {
				CLANG_ANALYZER_LOCALIZABILITY_NONLOCALIZED = YES;
				CLANG_WARN_BLOCK_CAPTURE_AUTORELEASING = YES;
				CLANG_WARN_BOOL_CONVERSION = YES;
				CLANG_WARN_COMMA = YES;
				CLANG_WARN_CONSTANT_CONVERSION = YES;
				CLANG_WARN_DEPRECATED_OBJC_IMPLEMENTATIONS = YES;
				CLANG_WARN_EMPTY_BODY = YES;
				CLANG_WARN_ENUM_CONVERSION = YES;
				CLANG_WARN_INFINITE_RECURSION = YES;
				CLANG_WARN_INT_CONVERSION = YES;
				CLANG_WARN_NON_LITERAL_NULL_CONVERSION = YES;
				CLANG_WARN_OBJC_IMPLICIT_RETAIN_SELF = YES;
				CLANG_WARN_OBJC_LITERAL_CONVERSION = YES;
				CLANG_WARN_RANGE_LOOP_ANALYSIS = YES;
				CLANG_WARN_STRICT_PROTOTYPES = YES;
				CLANG_WARN_SUSPICIOUS_MOVE = YES;
				CLANG_WARN_UNREACHABLE_CODE = YES;
				CLANG_WARN__DUPLICATE_METHOD_MATCH = YES;
				CODE_SIGN_IDENTITY = "iPhone Developer";
				"CODE_SIGN_IDENTITY[sdk=iphoneos*]" = "iPhone Developer";
				ENABLE_STRICT_OBJC_MSGSEND = YES;
				GCC_C_LANGUAGE_STANDARD = c99;
				GCC_INPUT_FILETYPE = sourcecode.c.objc;
				GCC_NO_COMMON_BLOCKS = YES;
				GCC_WARN_64_TO_32_BIT_CONVERSION = YES;
				GCC_WARN_ABOUT_RETURN_TYPE = YES;
				GCC_WARN_UNDECLARED_SELECTOR = YES;
				GCC_WARN_UNINITIALIZED_AUTOS = YES;
				GCC_WARN_UNUSED_FUNCTION = YES;
				GCC_WARN_UNUSED_VARIABLE = YES;
				IPHONEOS_DEPLOYMENT_TARGET = 10.1;
				ONLY_ACTIVE_ARCH = YES;
				SDKROOT = iphoneos;
			};
			name = AppStore;
		};
		79BA55711073A82C00D67917 /* AppStore */ = {
			isa = XCBuildConfiguration;
			baseConfigurationReference = 6561B399A841A3A5958A5889 /* Pods-MobileOrg.appstore.xcconfig */;
			buildSettings = {
				ALWAYS_SEARCH_USER_PATHS = NO;
				ASSETCATALOG_COMPILER_APPICON_NAME = "AppIcon${BUNDLE_ID_SUFFIX}";
				BUNDLE_ID_SUFFIX = "";
				CLANG_ENABLE_MODULES = YES;
				CLANG_ENABLE_OBJC_WEAK = YES;
				CODE_SIGN_ENTITLEMENTS = MobileOrg/MobileOrg.entitlements;
				COPY_PHASE_STRIP = YES;
				CURRENT_PROJECT_VERSION = 30;
				DEVELOPMENT_TEAM = 59B7VFRF7R;
				FRAMEWORK_SEARCH_PATHS = (
					"$(inherited)",
					"$(SRCROOT)",
					"$(PROJECT_DIR)",
				);
				GCC_PRECOMPILE_PREFIX_HEADER = YES;
				GCC_PREFIX_HEADER = MobileOrg_Prefix.pch;
				GCC_PREPROCESSOR_DEFINITIONS = "$(inherited)";
				INFOPLIST_FILE = "MobileOrg-Info.plist";
				IPHONEOS_DEPLOYMENT_TARGET = 9.0;
				LD_RUNPATH_SEARCH_PATHS = "$(inherited) @executable_path/Frameworks";
				PRODUCT_BUNDLE_IDENTIFIER = "com.mobileorg.mobileorg-LocalDev";
				PRODUCT_NAME = MobileOrg;
				SDKROOT = iphoneos;
				SWIFT_OBJC_BRIDGING_HEADER = "MobileOrg-Bridging-Header.h";
				SWIFT_SWIFT3_OBJC_INFERENCE = Default;
				SWIFT_VERSION = 5.0;
				TARGETED_DEVICE_FAMILY = "1,2";
				VERSIONING_SYSTEM = "apple-generic";
			};
			name = AppStore;
		};
		C01FCF4F08A954540054247B /* Debug */ = {
			isa = XCBuildConfiguration;
			buildSettings = {
				CLANG_ANALYZER_LOCALIZABILITY_NONLOCALIZED = YES;
				CLANG_WARN_BLOCK_CAPTURE_AUTORELEASING = YES;
				CLANG_WARN_BOOL_CONVERSION = YES;
				CLANG_WARN_COMMA = YES;
				CLANG_WARN_CONSTANT_CONVERSION = YES;
				CLANG_WARN_DEPRECATED_OBJC_IMPLEMENTATIONS = YES;
				CLANG_WARN_EMPTY_BODY = YES;
				CLANG_WARN_ENUM_CONVERSION = YES;
				CLANG_WARN_INFINITE_RECURSION = YES;
				CLANG_WARN_INT_CONVERSION = YES;
				CLANG_WARN_NON_LITERAL_NULL_CONVERSION = YES;
				CLANG_WARN_OBJC_IMPLICIT_RETAIN_SELF = YES;
				CLANG_WARN_OBJC_LITERAL_CONVERSION = YES;
				CLANG_WARN_RANGE_LOOP_ANALYSIS = YES;
				CLANG_WARN_STRICT_PROTOTYPES = YES;
				CLANG_WARN_SUSPICIOUS_MOVE = YES;
				CLANG_WARN_UNREACHABLE_CODE = YES;
				CLANG_WARN__DUPLICATE_METHOD_MATCH = YES;
				CODE_SIGN_IDENTITY = "iPhone Developer";
				"CODE_SIGN_IDENTITY[sdk=iphoneos*]" = "iPhone Developer";
				ENABLE_STRICT_OBJC_MSGSEND = YES;
				ENABLE_TESTABILITY = YES;
				GCC_C_LANGUAGE_STANDARD = c99;
				GCC_INPUT_FILETYPE = sourcecode.c.objc;
				GCC_NO_COMMON_BLOCKS = YES;
				GCC_WARN_64_TO_32_BIT_CONVERSION = YES;
				GCC_WARN_ABOUT_RETURN_TYPE = YES;
				GCC_WARN_UNDECLARED_SELECTOR = YES;
				GCC_WARN_UNINITIALIZED_AUTOS = YES;
				GCC_WARN_UNUSED_FUNCTION = YES;
				GCC_WARN_UNUSED_VARIABLE = YES;
				IPHONEOS_DEPLOYMENT_TARGET = 10.1;
				ONLY_ACTIVE_ARCH = YES;
				"PROVISIONING_PROFILE[sdk=iphoneos*]" = "";
				SDKROOT = iphoneos;
				SWIFT_INSTALL_OBJC_HEADER = YES;
			};
			name = Debug;
		};
/* End XCBuildConfiguration section */

/* Begin XCConfigurationList section */
		1D6058960D05DD3E006BFB54 /* Build configuration list for PBXNativeTarget "MobileOrg" */ = {
			isa = XCConfigurationList;
			buildConfigurations = (
				1D6058940D05DD3E006BFB54 /* Debug */,
				79BA556F1073A82500D67917 /* AdHoc */,
				79BA55711073A82C00D67917 /* AppStore */,
			);
			defaultConfigurationIsVisible = 0;
			defaultConfigurationName = Debug;
		};
		747BF9A11DFD719400E800FB /* Build configuration list for PBXNativeTarget "MobileOrgTests" */ = {
			isa = XCConfigurationList;
			buildConfigurations = (
				747BF99E1DFD719400E800FB /* Debug */,
				747BF99F1DFD719400E800FB /* AdHoc */,
				747BF9A01DFD719400E800FB /* AppStore */,
			);
			defaultConfigurationIsVisible = 0;
			defaultConfigurationName = Debug;
		};
		C01FCF4E08A954540054247B /* Build configuration list for PBXProject "MobileOrg" */ = {
			isa = XCConfigurationList;
			buildConfigurations = (
				C01FCF4F08A954540054247B /* Debug */,
				79BA556E1073A82500D67917 /* AdHoc */,
				79BA55701073A82C00D67917 /* AppStore */,
			);
			defaultConfigurationIsVisible = 0;
			defaultConfigurationName = Debug;
		};
/* End XCConfigurationList section */

/* Begin XCVersionGroup section */
		745B1E2E1EC98C9B00D80421 /* MobileOrg2.xcdatamodeld */ = {
			isa = XCVersionGroup;
			children = (
				745B1E2F1EC98C9B00D80421 /* MobileOrg 2.xcdatamodel */,
				745B1E301EC98C9B00D80421 /* MobileOrg.xcdatamodel */,
			);
			currentVersion = 745B1E2F1EC98C9B00D80421 /* MobileOrg 2.xcdatamodel */;
			path = MobileOrg2.xcdatamodeld;
			sourceTree = "<group>";
			versionGroupType = wrapper.xcdatamodel;
		};
/* End XCVersionGroup section */
	};
	rootObject = 29B97313FDCFA39411CA2CEA /* Project object */;
}
