{
  "object": {
    "pins": [
      {
        "package": "Alamofire",
        "repositoryURL": "https://github.com/Alamofire/Alamofire.git",
        "state": {
          "branch": null,
          "revision": "75bba56748359f297a83f620d45f72cf4ebee4e7",
          "version": "4.8.2"
        }
      },
      {
        "package": "SwiftyDropbox",
        "repositoryURL": "https://github.com/dropbox/SwiftyDropbox.git",
        "state": {
          "branch": null,
          "revision": "1a99f77ae123722322af455cb71a96e72eb153e1",
          "version": "6.0.3"
        }
      }
    ]
  },
  "version": 1
}
